
Microsoft Visual Studio Solution File, Format Version 12.00
# Visual Studio Version 16
Project("{2150E333-8FDC-42A3-9474-1A3956D46DE8}") = "CMakePredefinedTargets", "CMakePredefinedTargets", "{6BB9F875-85A3-307B-8D6D-60F52F4DBC4D}"
EndProject
Project("{2150E333-8FDC-42A3-9474-1A3956D46DE8}") = "GLFW3", "GLFW3", "{DF7879FB-2648-3279-B2CB-9D58186F1A95}"
EndProject
Project("{2150E333-8FDC-42A3-9474-1A3956D46DE8}") = "Examples", "GLFW3\Examples", "{6BFF2A23-9AC9-3380-AD8F-74D15CF76E47}"
EndProject
Project("{2150E333-8FDC-42A3-9474-1A3956D46DE8}") = "Tests", "GLFW3\Tests", "{37555C6E-C9AE-3B81-978B-0D67D6C5509F}"
EndProject
Project("{8BC9CEB8-8B4A-11D0-8D11-00A0C91BC942}") = "ALL_BUILD", "ALL_BUILD.vcxproj", "{1152204F-879C-3FBF-8956-86A18FB9E21D}"
	ProjectSection(ProjectDependencies) = postProject
		{3D254A11-DE3D-3988-AC06-AD27BA538760} = {3D254A11-DE3D-3988-AC06-AD27BA538760}
		{3CB549EB-E8A3-392A-A680-8A437E411578} = {3CB549EB-E8A3-392A-A680-8A437E411578}
		{8D2474A8-067E-36DC-8455-FDDF59C84FFB} = {8D2474A8-067E-36DC-8455-FDDF59C84FFB}
		{85F3BF3E-5594-3902-BADB-7AE232693ECB} = {85F3BF3E-5594-3902-BADB-7AE232693ECB}
		{78E454EE-E83E-3CA8-BC5B-2D87BBF73941} = {78E454EE-E83E-3CA8-BC5B-2D87BBF73941}
		{61EC6DB6-6E8F-3D13-B991-44D2D802E56D} = {61EC6DB6-6E8F-3D13-B991-44D2D802E56D}
		{24C37555-624D-381A-A950-4470111CC5CE} = {24C37555-624D-381A-A950-4470111CC5CE}
		{0E7E4AAD-4306-36C4-9384-F102A193D4CB} = {0E7E4AAD-4306-36C4-9384-F102A193D4CB}
		{DDE56B03-DF55-301A-A343-A5DFE780207F} = {DDE56B03-DF55-301A-A343-A5DFE780207F}
		{7F19D4B8-2217-3C5B-88FF-E4833B78715A} = {7F19D4B8-2217-3C5B-88FF-E4833B78715A}
		{E294BF43-D839-31D2-83AF-BFC9D96DE2E9} = {E294BF43-D839-31D2-83AF-BFC9D96DE2E9}
		{46D1BB3B-BEA2-3C0D-8277-CD37002931F1} = {46D1BB3B-BEA2-3C0D-8277-CD37002931F1}
		{DDC0E5D7-C364-3E1A-A1C8-0BDD773F4C12} = {DDC0E5D7-C364-3E1A-A1C8-0BDD773F4C12}
		{3EDC5BBE-0BDC-32B7-9CE0-0F3CAAA02751} = {3EDC5BBE-0BDC-32B7-9CE0-0F3CAAA02751}
		{DD51D20A-42CA-31E2-9A02-4D762A9140B4} = {DD51D20A-42CA-31E2-9A02-4D762A9140B4}
		{BD0E56F0-820F-3D7A-925F-F479DF14B93B} = {BD0E56F0-820F-3D7A-925F-F479DF14B93B}
		{36E9B640-459D-37B3-9E1F-5BE0C7173268} = {36E9B640-459D-37B3-9E1F-5BE0C7173268}
		{83685D4A-4ADC-334A-83E6-07F66278F49E} = {83685D4A-4ADC-334A-83E6-07F66278F49E}
		{0CABE424-662F-3A61-8AC9-A8269557FA63} = {0CABE424-662F-3A61-8AC9-A8269557FA63}
		{D823287B-342A-3253-ADB3-1DFE0C965FAF} = {D823287B-342A-3253-ADB3-1DFE0C965FAF}
		{93C2F25F-B032-3795-8FF4-0B3BF7A3EAD3} = {93C2F25F-B032-3795-8FF4-0B3BF7A3EAD3}
		{AFEC6D30-806C-3271-97AC-55BE516A8A58} = {AFEC6D30-806C-3271-97AC-55BE516A8A58}
		{7AFD6263-4F16-390E-9C74-53C6485B8685} = {7AFD6263-4F16-390E-9C74-53C6485B8685}
		{EAA067D1-A791-3A74-B5F9-330AEAF0334C} = {EAA067D1-A791-3A74-B5F9-330AEAF0334C}
		{988D3D10-2EA9-3916-B9C2-57C8CF7ECB79} = {988D3D10-2EA9-3916-B9C2-57C8CF7ECB79}
		{93910532-7E25-30B5-B004-CBB1F9F4B960} = {93910532-7E25-30B5-B004-CBB1F9F4B960}
		{6FAE2DB9-6008-34E9-B53E-D33651AD5D0C} = {6FAE2DB9-6008-34E9-B53E-D33651AD5D0C}
		{8C3BC074-F1C3-3DDF-85F7-FF68747C9489} = {8C3BC074-F1C3-3DDF-85F7-FF68747C9489}
		{3981C02B-EDF5-3ACA-9469-96550D062DAD} = {3981C02B-EDF5-3ACA-9469-96550D062DAD}
		{1EA0C225-C471-328E-9CF8-DE304567566D} = {1EA0C225-C471-328E-9CF8-DE304567566D}
		{793FBFF5-7302-34B0-A0D8-8A860E77ECE4} = {793FBFF5-7302-34B0-A0D8-8A860E77ECE4}
	EndProjectSection
EndProject
Project("{8BC9CEB8-8B4A-11D0-8D11-00A0C91BC942}") = "INSTALL", "INSTALL.vcxproj", "{348FC29E-9A54-3E54-A9B2-0D2589AD6AF6}"
	ProjectSection(ProjectDependencies) = postProject
		{1152204F-879C-3FBF-8956-86A18FB9E21D} = {1152204F-879C-3FBF-8956-86A18FB9E21D}
		{3D254A11-DE3D-3988-AC06-AD27BA538760} = {3D254A11-DE3D-3988-AC06-AD27BA538760}
	EndProjectSection
EndProject
Project("{8BC9CEB8-8B4A-11D0-8D11-00A0C91BC942}") = "ZERO_CHECK", "ZERO_CHECK.vcxproj", "{3D254A11-DE3D-3988-AC06-AD27BA538760}"
	ProjectSection(ProjectDependencies) = postProject
	EndProjectSection
EndProject
Project("{8BC9CEB8-8B4A-11D0-8D11-00A0C91BC942}") = "boing", "examples\boing.vcxproj", "{3CB549EB-E8A3-392A-A680-8A437E411578}"
	ProjectSection(ProjectDependencies) = postProject
		{3D254A11-DE3D-3988-AC06-AD27BA538760} = {3D254A11-DE3D-3988-AC06-AD27BA538760}
		{DDE56B03-DF55-301A-A343-A5DFE780207F} = {DDE56B03-DF55-301A-A343-A5DFE780207F}
	EndProjectSection
EndProject
Project("{8BC9CEB8-8B4A-11D0-8D11-00A0C91BC942}") = "clipboard", "tests\clipboard.vcxproj", "{8D2474A8-067E-36DC-8455-FDDF59C84FFB}"
	ProjectSection(ProjectDependencies) = postProject
		{3D254A11-DE3D-3988-AC06-AD27BA538760} = {3D254A11-DE3D-3988-AC06-AD27BA538760}
		{DDE56B03-DF55-301A-A343-A5DFE780207F} = {DDE56B03-DF55-301A-A343-A5DFE780207F}
	EndProjectSection
EndProject
Project("{8BC9CEB8-8B4A-11D0-8D11-00A0C91BC942}") = "cursor", "tests\cursor.vcxproj", "{85F3BF3E-5594-3902-BADB-7AE232693ECB}"
	ProjectSection(ProjectDependencies) = postProject
		{3D254A11-DE3D-3988-AC06-AD27BA538760} = {3D254A11-DE3D-3988-AC06-AD27BA538760}
		{DDE56B03-DF55-301A-A343-A5DFE780207F} = {DDE56B03-DF55-301A-A343-A5DFE780207F}
	EndProjectSection
EndProject
Project("{8BC9CEB8-8B4A-11D0-8D11-00A0C91BC942}") = "empty", "tests\empty.vcxproj", "{78E454EE-E83E-3CA8-BC5B-2D87BBF73941}"
	ProjectSection(ProjectDependencies) = postProject
		{3D254A11-DE3D-3988-AC06-AD27BA538760} = {3D254A11-DE3D-3988-AC06-AD27BA538760}
		{DDE56B03-DF55-301A-A343-A5DFE780207F} = {DDE56B03-DF55-301A-A343-A5DFE780207F}
	EndProjectSection
EndProject
Project("{8BC9CEB8-8B4A-11D0-8D11-00A0C91BC942}") = "events", "tests\events.vcxproj", "{61EC6DB6-6E8F-3D13-B991-44D2D802E56D}"
	ProjectSection(ProjectDependencies) = postProject
		{3D254A11-DE3D-3988-AC06-AD27BA538760} = {3D254A11-DE3D-3988-AC06-AD27BA538760}
		{DDE56B03-DF55-301A-A343-A5DFE780207F} = {DDE56B03-DF55-301A-A343-A5DFE780207F}
	EndProjectSection
EndProject
Project("{8BC9CEB8-8B4A-11D0-8D11-00A0C91BC942}") = "gamma", "tests\gamma.vcxproj", "{24C37555-624D-381A-A950-4470111CC5CE}"
	ProjectSection(ProjectDependencies) = postProject
		{3D254A11-DE3D-3988-AC06-AD27BA538760} = {3D254A11-DE3D-3988-AC06-AD27BA538760}
		{DDE56B03-DF55-301A-A343-A5DFE780207F} = {DDE56B03-DF55-301A-A343-A5DFE780207F}
	EndProjectSection
EndProject
Project("{8BC9CEB8-8B4A-11D0-8D11-00A0C91BC942}") = "gears", "examples\gears.vcxproj", "{0E7E4AAD-4306-36C4-9384-F102A193D4CB}"
	ProjectSection(ProjectDependencies) = postProject
		{3D254A11-DE3D-3988-AC06-AD27BA538760} = {3D254A11-DE3D-3988-AC06-AD27BA538760}
		{DDE56B03-DF55-301A-A343-A5DFE780207F} = {DDE56B03-DF55-301A-A343-A5DFE780207F}
	EndProjectSection
EndProject
Project("{8BC9CEB8-8B4A-11D0-8D11-00A0C91BC942}") = "glfw", "src\glfw.vcxproj", "{DDE56B03-DF55-301A-A343-A5DFE780207F}"
	ProjectSection(ProjectDependencies) = postProject
		{3D254A11-DE3D-3988-AC06-AD27BA538760} = {3D254A11-DE3D-3988-AC06-AD27BA538760}
	EndProjectSection
EndProject
Project("{8BC9CEB8-8B4A-11D0-8D11-00A0C91BC942}") = "glfwinfo", "tests\glfwinfo.vcxproj", "{7F19D4B8-2217-3C5B-88FF-E4833B78715A}"
	ProjectSection(ProjectDependencies) = postProject
		{3D254A11-DE3D-3988-AC06-AD27BA538760} = {3D254A11-DE3D-3988-AC06-AD27BA538760}
		{DDE56B03-DF55-301A-A343-A5DFE780207F} = {DDE56B03-DF55-301A-A343-A5DFE780207F}
	EndProjectSection
EndProject
Project("{8BC9CEB8-8B4A-11D0-8D11-00A0C91BC942}") = "heightmap", "examples\heightmap.vcxproj", "{E294BF43-D839-31D2-83AF-BFC9D96DE2E9}"
	ProjectSection(ProjectDependencies) = postProject
		{3D254A11-DE3D-3988-AC06-AD27BA538760} = {3D254A11-DE3D-3988-AC06-AD27BA538760}
		{DDE56B03-DF55-301A-A343-A5DFE780207F} = {DDE56B03-DF55-301A-A343-A5DFE780207F}
	EndProjectSection
EndProject
Project("{8BC9CEB8-8B4A-11D0-8D11-00A0C91BC942}") = "icon", "tests\icon.vcxproj", "{46D1BB3B-BEA2-3C0D-8277-CD37002931F1}"
	ProjectSection(ProjectDependencies) = postProject
		{3D254A11-DE3D-3988-AC06-AD27BA538760} = {3D254A11-DE3D-3988-AC06-AD27BA538760}
		{DDE56B03-DF55-301A-A343-A5DFE780207F} = {DDE56B03-DF55-301A-A343-A5DFE780207F}
	EndProjectSection
EndProject
Project("{8BC9CEB8-8B4A-11D0-8D11-00A0C91BC942}") = "iconify", "tests\iconify.vcxproj", "{DDC0E5D7-C364-3E1A-A1C8-0BDD773F4C12}"
	ProjectSection(ProjectDependencies) = postProject
		{3D254A11-DE3D-3988-AC06-AD27BA538760} = {3D254A11-DE3D-3988-AC06-AD27BA538760}
		{DDE56B03-DF55-301A-A343-A5DFE780207F} = {DDE56B03-DF55-301A-A343-A5DFE780207F}
	EndProjectSection
EndProject
Project("{8BC9CEB8-8B4A-11D0-8D11-00A0C91BC942}") = "inputlag", "tests\inputlag.vcxproj", "{3EDC5BBE-0BDC-32B7-9CE0-0F3CAAA02751}"
	ProjectSection(ProjectDependencies) = postProject
		{3D254A11-DE3D-3988-AC06-AD27BA538760} = {3D254A11-DE3D-3988-AC06-AD27BA538760}
		{DDE56B03-DF55-301A-A343-A5DFE780207F} = {DDE56B03-DF55-301A-A343-A5DFE780207F}
	EndProjectSection
EndProject
Project("{8BC9CEB8-8B4A-11D0-8D11-00A0C91BC942}") = "joysticks", "tests\joysticks.vcxproj", "{DD51D20A-42CA-31E2-9A02-4D762A9140B4}"
	ProjectSection(ProjectDependencies) = postProject
		{3D254A11-DE3D-3988-AC06-AD27BA538760} = {3D254A11-DE3D-3988-AC06-AD27BA538760}
		{DDE56B03-DF55-301A-A343-A5DFE780207F} = {DDE56B03-DF55-301A-A343-A5DFE780207F}
	EndProjectSection
EndProject
Project("{8BC9CEB8-8B4A-11D0-8D11-00A0C91BC942}") = "monitors", "tests\monitors.vcxproj", "{BD0E56F0-820F-3D7A-925F-F479DF14B93B}"
	ProjectSection(ProjectDependencies) = postProject
		{3D254A11-DE3D-3988-AC06-AD27BA538760} = {3D254A11-DE3D-3988-AC06-AD27BA538760}
		{DDE56B03-DF55-301A-A343-A5DFE780207F} = {DDE56B03-DF55-301A-A343-A5DFE780207F}
	EndProjectSection
EndProject
Project("{8BC9CEB8-8B4A-11D0-8D11-00A0C91BC942}") = "msaa", "tests\msaa.vcxproj", "{36E9B640-459D-37B3-9E1F-5BE0C7173268}"
	ProjectSection(ProjectDependencies) = postProject
		{3D254A11-DE3D-3988-AC06-AD27BA538760} = {3D254A11-DE3D-3988-AC06-AD27BA538760}
		{DDE56B03-DF55-301A-A343-A5DFE780207F} = {DDE56B03-DF55-301A-A343-A5DFE780207F}
	EndProjectSection
EndProject
Project("{8BC9CEB8-8B4A-11D0-8D11-00A0C91BC942}") = "offscreen", "examples\offscreen.vcxproj", "{83685D4A-4ADC-334A-83E6-07F66278F49E}"
	ProjectSection(ProjectDependencies) = postProject
		{3D254A11-DE3D-3988-AC06-AD27BA538760} = {3D254A11-DE3D-3988-AC06-AD27BA538760}
		{DDE56B03-DF55-301A-A343-A5DFE780207F} = {DDE56B03-DF55-301A-A343-A5DFE780207F}
	EndProjectSection
EndProject
Project("{8BC9CEB8-8B4A-11D0-8D11-00A0C91BC942}") = "opacity", "tests\opacity.vcxproj", "{0CABE424-662F-3A61-8AC9-A8269557FA63}"
	ProjectSection(ProjectDependencies) = postProject
		{3D254A11-DE3D-3988-AC06-AD27BA538760} = {3D254A11-DE3D-3988-AC06-AD27BA538760}
		{DDE56B03-DF55-301A-A343-A5DFE780207F} = {DDE56B03-DF55-301A-A343-A5DFE780207F}
	EndProjectSection
EndProject
Project("{8BC9CEB8-8B4A-11D0-8D11-00A0C91BC942}") = "particles", "examples\particles.vcxproj", "{D823287B-342A-3253-ADB3-1DFE0C965FAF}"
	ProjectSection(ProjectDependencies) = postProject
		{3D254A11-DE3D-3988-AC06-AD27BA538760} = {3D254A11-DE3D-3988-AC06-AD27BA538760}
		{DDE56B03-DF55-301A-A343-A5DFE780207F} = {DDE56B03-DF55-301A-A343-A5DFE780207F}
	EndProjectSection
EndProject
Project("{8BC9CEB8-8B4A-11D0-8D11-00A0C91BC942}") = "reopen", "tests\reopen.vcxproj", "{93C2F25F-B032-3795-8FF4-0B3BF7A3EAD3}"
	ProjectSection(ProjectDependencies) = postProject
		{3D254A11-DE3D-3988-AC06-AD27BA538760} = {3D254A11-DE3D-3988-AC06-AD27BA538760}
		{DDE56B03-DF55-301A-A343-A5DFE780207F} = {DDE56B03-DF55-301A-A343-A5DFE780207F}
	EndProjectSection
EndProject
Project("{8BC9CEB8-8B4A-11D0-8D11-00A0C91BC942}") = "sharing", "examples\sharing.vcxproj", "{AFEC6D30-806C-3271-97AC-55BE516A8A58}"
	ProjectSection(ProjectDependencies) = postProject
		{3D254A11-DE3D-3988-AC06-AD27BA538760} = {3D254A11-DE3D-3988-AC06-AD27BA538760}
		{DDE56B03-DF55-301A-A343-A5DFE780207F} = {DDE56B03-DF55-301A-A343-A5DFE780207F}
	EndProjectSection
EndProject
Project("{8BC9CEB8-8B4A-11D0-8D11-00A0C91BC942}") = "simple", "examples\simple.vcxproj", "{7AFD6263-4F16-390E-9C74-53C6485B8685}"
	ProjectSection(ProjectDependencies) = postProject
		{3D254A11-DE3D-3988-AC06-AD27BA538760} = {3D254A11-DE3D-3988-AC06-AD27BA538760}
		{DDE56B03-DF55-301A-A343-A5DFE780207F} = {DDE56B03-DF55-301A-A343-A5DFE780207F}
	EndProjectSection
EndProject
Project("{8BC9CEB8-8B4A-11D0-8D11-00A0C91BC942}") = "splitview", "examples\splitview.vcxproj", "{EAA067D1-A791-3A74-B5F9-330AEAF0334C}"
	ProjectSection(ProjectDependencies) = postProject
		{3D254A11-DE3D-3988-AC06-AD27BA538760} = {3D254A11-DE3D-3988-AC06-AD27BA538760}
		{DDE56B03-DF55-301A-A343-A5DFE780207F} = {DDE56B03-DF55-301A-A343-A5DFE780207F}
	EndProjectSection
EndProject
Project("{8BC9CEB8-8B4A-11D0-8D11-00A0C91BC942}") = "tearing", "tests\tearing.vcxproj", "{988D3D10-2EA9-3916-B9C2-57C8CF7ECB79}"
	ProjectSection(ProjectDependencies) = postProject
		{3D254A11-DE3D-3988-AC06-AD27BA538760} = {3D254A11-DE3D-3988-AC06-AD27BA538760}
		{DDE56B03-DF55-301A-A343-A5DFE780207F} = {DDE56B03-DF55-301A-A343-A5DFE780207F}
	EndProjectSection
EndProject
Project("{8BC9CEB8-8B4A-11D0-8D11-00A0C91BC942}") = "threads", "tests\threads.vcxproj", "{93910532-7E25-30B5-B004-CBB1F9F4B960}"
	ProjectSection(ProjectDependencies) = postProject
		{3D254A11-DE3D-3988-AC06-AD27BA538760} = {3D254A11-DE3D-3988-AC06-AD27BA538760}
		{DDE56B03-DF55-301A-A343-A5DFE780207F} = {DDE56B03-DF55-301A-A343-A5DFE780207F}
	EndProjectSection
EndProject
Project("{8BC9CEB8-8B4A-11D0-8D11-00A0C91BC942}") = "timeout", "tests\timeout.vcxproj", "{6FAE2DB9-6008-34E9-B53E-D33651AD5D0C}"
	ProjectSection(ProjectDependencies) = postProject
		{3D254A11-DE3D-3988-AC06-AD27BA538760} = {3D254A11-DE3D-3988-AC06-AD27BA538760}
		{DDE56B03-DF55-301A-A343-A5DFE780207F} = {DDE56B03-DF55-301A-A343-A5DFE780207F}
	EndProjectSection
EndProject
Project("{8BC9CEB8-8B4A-11D0-8D11-00A0C91BC942}") = "title", "tests\title.vcxproj", "{8C3BC074-F1C3-3DDF-85F7-FF68747C9489}"
	ProjectSection(ProjectDependencies) = postProject
		{3D254A11-DE3D-3988-AC06-AD27BA538760} = {3D254A11-DE3D-3988-AC06-AD27BA538760}
		{DDE56B03-DF55-301A-A343-A5DFE780207F} = {DDE56B03-DF55-301A-A343-A5DFE780207F}
	EndProjectSection
EndProject
Project("{8BC9CEB8-8B4A-11D0-8D11-00A0C91BC942}") = "triangle-vulkan", "tests\triangle-vulkan.vcxproj", "{3981C02B-EDF5-3ACA-9469-96550D062DAD}"
	ProjectSection(ProjectDependencies) = postProject
		{3D254A11-DE3D-3988-AC06-AD27BA538760} = {3D254A11-DE3D-3988-AC06-AD27BA538760}
		{DDE56B03-DF55-301A-A343-A5DFE780207F} = {DDE56B03-DF55-301A-A343-A5DFE780207F}
	EndProjectSection
EndProject
Project("{8BC9CEB8-8B4A-11D0-8D11-00A0C91BC942}") = "uninstall", "uninstall.vcxproj", "{335F387B-D4B6-390B-A546-092EFD3598B3}"
	ProjectSection(ProjectDependencies) = postProject
		{3D254A11-DE3D-3988-AC06-AD27BA538760} = {3D254A11-DE3D-3988-AC06-AD27BA538760}
	EndProjectSection
EndProject
Project("{8BC9CEB8-8B4A-11D0-8D11-00A0C91BC942}") = "wave", "examples\wave.vcxproj", "{1EA0C225-C471-328E-9CF8-DE304567566D}"
	ProjectSection(ProjectDependencies) = postProject
		{3D254A11-DE3D-3988-AC06-AD27BA538760} = {3D254A11-DE3D-3988-AC06-AD27BA538760}
		{DDE56B03-DF55-301A-A343-A5DFE780207F} = {DDE56B03-DF55-301A-A343-A5DFE780207F}
	EndProjectSection
EndProject
Project("{8BC9CEB8-8B4A-11D0-8D11-00A0C91BC942}") = "windows", "tests\windows.vcxproj", "{793FBFF5-7302-34B0-A0D8-8A860E77ECE4}"
	ProjectSection(ProjectDependencies) = postProject
		{3D254A11-DE3D-3988-AC06-AD27BA538760} = {3D254A11-DE3D-3988-AC06-AD27BA538760}
		{DDE56B03-DF55-301A-A343-A5DFE780207F} = {DDE56B03-DF55-301A-A343-A5DFE780207F}
	EndProjectSection
EndProject
Global
	GlobalSection(SolutionConfigurationPlatforms) = preSolution
		Debug|Win32 = Debug|Win32
		Release|Win32 = Release|Win32
		MinSizeRel|Win32 = MinSizeRel|Win32
		RelWithDebInfo|Win32 = RelWithDebInfo|Win32
	EndGlobalSection
	GlobalSection(ProjectConfigurationPlatforms) = postSolution
		{1152204F-879C-3FBF-8956-86A18FB9E21D}.Debug|Win32.ActiveCfg = Debug|Win32
		{1152204F-879C-3FBF-8956-86A18FB9E21D}.Debug|Win32.Build.0 = Debug|Win32
		{1152204F-879C-3FBF-8956-86A18FB9E21D}.Release|Win32.ActiveCfg = Release|Win32
		{1152204F-879C-3FBF-8956-86A18FB9E21D}.Release|Win32.Build.0 = Release|Win32
		{1152204F-879C-3FBF-8956-86A18FB9E21D}.MinSizeRel|Win32.ActiveCfg = MinSizeRel|Win32
		{1152204F-879C-3FBF-8956-86A18FB9E21D}.MinSizeRel|Win32.Build.0 = MinSizeRel|Win32
		{1152204F-879C-3FBF-8956-86A18FB9E21D}.RelWithDebInfo|Win32.ActiveCfg = RelWithDebInfo|Win32
		{1152204F-879C-3FBF-8956-86A18FB9E21D}.RelWithDebInfo|Win32.Build.0 = RelWithDebInfo|Win32
		{348FC29E-9A54-3E54-A9B2-0D2589AD6AF6}.Debug|Win32.ActiveCfg = Debug|Win32
		{348FC29E-9A54-3E54-A9B2-0D2589AD6AF6}.Release|Win32.ActiveCfg = Release|Win32
		{348FC29E-9A54-3E54-A9B2-0D2589AD6AF6}.MinSizeRel|Win32.ActiveCfg = MinSizeRel|Win32
		{348FC29E-9A54-3E54-A9B2-0D2589AD6AF6}.RelWithDebInfo|Win32.ActiveCfg = RelWithDebInfo|Win32
		{3D254A11-DE3D-3988-AC06-AD27BA538760}.Debug|Win32.ActiveCfg = Debug|Win32
		{3D254A11-DE3D-3988-AC06-AD27BA538760}.Debug|Win32.Build.0 = Debug|Win32
		{3D254A11-DE3D-3988-AC06-AD27BA538760}.Release|Win32.ActiveCfg = Release|Win32
		{3D254A11-DE3D-3988-AC06-AD27BA538760}.Release|Win32.Build.0 = Release|Win32
		{3D254A11-DE3D-3988-AC06-AD27BA538760}.MinSizeRel|Win32.ActiveCfg = MinSizeRel|Win32
		{3D254A11-DE3D-3988-AC06-AD27BA538760}.MinSizeRel|Win32.Build.0 = MinSizeRel|Win32
		{3D254A11-DE3D-3988-AC06-AD27BA538760}.RelWithDebInfo|Win32.ActiveCfg = RelWithDebInfo|Win32
		{3D254A11-DE3D-3988-AC06-AD27BA538760}.RelWithDebInfo|Win32.Build.0 = RelWithDebInfo|Win32
		{3CB549EB-E8A3-392A-A680-8A437E411578}.Debug|Win32.ActiveCfg = Debug|Win32
		{3CB549EB-E8A3-392A-A680-8A437E411578}.Debug|Win32.Build.0 = Debug|Win32
		{3CB549EB-E8A3-392A-A680-8A437E411578}.Release|Win32.ActiveCfg = Release|Win32
		{3CB549EB-E8A3-392A-A680-8A437E411578}.Release|Win32.Build.0 = Release|Win32
		{3CB549EB-E8A3-392A-A680-8A437E411578}.MinSizeRel|Win32.ActiveCfg = MinSizeRel|Win32
		{3CB549EB-E8A3-392A-A680-8A437E411578}.MinSizeRel|Win32.Build.0 = MinSizeRel|Win32
		{3CB549EB-E8A3-392A-A680-8A437E411578}.RelWithDebInfo|Win32.ActiveCfg = RelWithDebInfo|Win32
		{3CB549EB-E8A3-392A-A680-8A437E411578}.RelWithDebInfo|Win32.Build.0 = RelWithDebInfo|Win32
		{8D2474A8-067E-36DC-8455-FDDF59C84FFB}.Debug|Win32.ActiveCfg = Debug|Win32
		{8D2474A8-067E-36DC-8455-FDDF59C84FFB}.Debug|Win32.Build.0 = Debug|Win32
		{8D2474A8-067E-36DC-8455-FDDF59C84FFB}.Release|Win32.ActiveCfg = Release|Win32
		{8D2474A8-067E-36DC-8455-FDDF59C84FFB}.Release|Win32.Build.0 = Release|Win32
		{8D2474A8-067E-36DC-8455-FDDF59C84FFB}.MinSizeRel|Win32.ActiveCfg = MinSizeRel|Win32
		{8D2474A8-067E-36DC-8455-FDDF59C84FFB}.MinSizeRel|Win32.Build.0 = MinSizeRel|Win32
		{8D2474A8-067E-36DC-8455-FDDF59C84FFB}.RelWithDebInfo|Win32.ActiveCfg = RelWithDebInfo|Win32
		{8D2474A8-067E-36DC-8455-FDDF59C84FFB}.RelWithDebInfo|Win32.Build.0 = RelWithDebInfo|Win32
		{85F3BF3E-5594-3902-BADB-7AE232693ECB}.Debug|Win32.ActiveCfg = Debug|Win32
		{85F3BF3E-5594-3902-BADB-7AE232693ECB}.Debug|Win32.Build.0 = Debug|Win32
		{85F3BF3E-5594-3902-BADB-7AE232693ECB}.Release|Win32.ActiveCfg = Release|Win32
		{85F3BF3E-5594-3902-BADB-7AE232693ECB}.Release|Win32.Build.0 = Release|Win32
		{85F3BF3E-5594-3902-BADB-7AE232693ECB}.MinSizeRel|Win32.ActiveCfg = MinSizeRel|Win32
		{85F3BF3E-5594-3902-BADB-7AE232693ECB}.MinSizeRel|Win32.Build.0 = MinSizeRel|Win32
		{85F3BF3E-5594-3902-BADB-7AE232693ECB}.RelWithDebInfo|Win32.ActiveCfg = RelWithDebInfo|Win32
		{85F3BF3E-5594-3902-BADB-7AE232693ECB}.RelWithDebInfo|Win32.Build.0 = RelWithDebInfo|Win32
		{78E454EE-E83E-3CA8-BC5B-2D87BBF73941}.Debug|Win32.ActiveCfg = Debug|Win32
		{78E454EE-E83E-3CA8-BC5B-2D87BBF73941}.Debug|Win32.Build.0 = Debug|Win32
		{78E454EE-E83E-3CA8-BC5B-2D87BBF73941}.Release|Win32.ActiveCfg = Release|Win32
		{78E454EE-E83E-3CA8-BC5B-2D87BBF73941}.Release|Win32.Build.0 = Release|Win32
		{78E454EE-E83E-3CA8-BC5B-2D87BBF73941}.MinSizeRel|Win32.ActiveCfg = MinSizeRel|Win32
		{78E454EE-E83E-3CA8-BC5B-2D87BBF73941}.MinSizeRel|Win32.Build.0 = MinSizeRel|Win32
		{78E454EE-E83E-3CA8-BC5B-2D87BBF73941}.RelWithDebInfo|Win32.ActiveCfg = RelWithDebInfo|Win32
		{78E454EE-E83E-3CA8-BC5B-2D87BBF73941}.RelWithDebInfo|Win32.Build.0 = RelWithDebInfo|Win32
		{61EC6DB6-6E8F-3D13-B991-44D2D802E56D}.Debug|Win32.ActiveCfg = Debug|Win32
		{61EC6DB6-6E8F-3D13-B991-44D2D802E56D}.Debug|Win32.Build.0 = Debug|Win32
		{61EC6DB6-6E8F-3D13-B991-44D2D802E56D}.Release|Win32.ActiveCfg = Release|Win32
		{61EC6DB6-6E8F-3D13-B991-44D2D802E56D}.Release|Win32.Build.0 = Release|Win32
		{61EC6DB6-6E8F-3D13-B991-44D2D802E56D}.MinSizeRel|Win32.ActiveCfg = MinSizeRel|Win32
		{61EC6DB6-6E8F-3D13-B991-44D2D802E56D}.MinSizeRel|Win32.Build.0 = MinSizeRel|Win32
		{61EC6DB6-6E8F-3D13-B991-44D2D802E56D}.RelWithDebInfo|Win32.ActiveCfg = RelWithDebInfo|Win32
		{61EC6DB6-6E8F-3D13-B991-44D2D802E56D}.RelWithDebInfo|Win32.Build.0 = RelWithDebInfo|Win32
		{24C37555-624D-381A-A950-4470111CC5CE}.Debug|Win32.ActiveCfg = Debug|Win32
		{24C37555-624D-381A-A950-4470111CC5CE}.Debug|Win32.Build.0 = Debug|Win32
		{24C37555-624D-381A-A950-4470111CC5CE}.Release|Win32.ActiveCfg = Release|Win32
		{24C37555-624D-381A-A950-4470111CC5CE}.Release|Win32.Build.0 = Release|Win32
		{24C37555-624D-381A-A950-4470111CC5CE}.MinSizeRel|Win32.ActiveCfg = MinSizeRel|Win32
		{24C37555-624D-381A-A950-4470111CC5CE}.MinSizeRel|Win32.Build.0 = MinSizeRel|Win32
		{24C37555-624D-381A-A950-4470111CC5CE}.RelWithDebInfo|Win32.ActiveCfg = RelWithDebInfo|Win32
		{24C37555-624D-381A-A950-4470111CC5CE}.RelWithDebInfo|Win32.Build.0 = RelWithDebInfo|Win32
		{0E7E4AAD-4306-36C4-9384-F102A193D4CB}.Debug|Win32.ActiveCfg = Debug|Win32
		{0E7E4AAD-4306-36C4-9384-F102A193D4CB}.Debug|Win32.Build.0 = Debug|Win32
		{0E7E4AAD-4306-36C4-9384-F102A193D4CB}.Release|Win32.ActiveCfg = Release|Win32
		{0E7E4AAD-4306-36C4-9384-F102A193D4CB}.Release|Win32.Build.0 = Release|Win32
		{0E7E4AAD-4306-36C4-9384-F102A193D4CB}.MinSizeRel|Win32.ActiveCfg = MinSizeRel|Win32
		{0E7E4AAD-4306-36C4-9384-F102A193D4CB}.MinSizeRel|Win32.Build.0 = MinSizeRel|Win32
		{0E7E4AAD-4306-36C4-9384-F102A193D4CB}.RelWithDebInfo|Win32.ActiveCfg = RelWithDebInfo|Win32
		{0E7E4AAD-4306-36C4-9384-F102A193D4CB}.RelWithDebInfo|Win32.Build.0 = RelWithDebInfo|Win32
		{DDE56B03-DF55-301A-A343-A5DFE780207F}.Debug|Win32.ActiveCfg = Debug|Win32
		{DDE56B03-DF55-301A-A343-A5DFE780207F}.Debug|Win32.Build.0 = Debug|Win32
		{DDE56B03-DF55-301A-A343-A5DFE780207F}.Release|Win32.ActiveCfg = Release|Win32
		{DDE56B03-DF55-301A-A343-A5DFE780207F}.Release|Win32.Build.0 = Release|Win32
		{DDE56B03-DF55-301A-A343-A5DFE780207F}.MinSizeRel|Win32.ActiveCfg = MinSizeRel|Win32
		{DDE56B03-DF55-301A-A343-A5DFE780207F}.MinSizeRel|Win32.Build.0 = MinSizeRel|Win32
		{DDE56B03-DF55-301A-A343-A5DFE780207F}.RelWithDebInfo|Win32.ActiveCfg = RelWithDebInfo|Win32
		{DDE56B03-DF55-301A-A343-A5DFE780207F}.RelWithDebInfo|Win32.Build.0 = RelWithDebInfo|Win32
		{7F19D4B8-2217-3C5B-88FF-E4833B78715A}.Debug|Win32.ActiveCfg = Debug|Win32
		{7F19D4B8-2217-3C5B-88FF-E4833B78715A}.Debug|Win32.Build.0 = Debug|Win32
		{7F19D4B8-2217-3C5B-88FF-E4833B78715A}.Release|Win32.ActiveCfg = Release|Win32
		{7F19D4B8-2217-3C5B-88FF-E4833B78715A}.Release|Win32.Build.0 = Release|Win32
		{7F19D4B8-2217-3C5B-88FF-E4833B78715A}.MinSizeRel|Win32.ActiveCfg = MinSizeRel|Win32
		{7F19D4B8-2217-3C5B-88FF-E4833B78715A}.MinSizeRel|Win32.Build.0 = MinSizeRel|Win32
		{7F19D4B8-2217-3C5B-88FF-E4833B78715A}.RelWithDebInfo|Win32.ActiveCfg = RelWithDebInfo|Win32
		{7F19D4B8-2217-3C5B-88FF-E4833B78715A}.RelWithDebInfo|Win32.Build.0 = RelWithDebInfo|Win32
		{E294BF43-D839-31D2-83AF-BFC9D96DE2E9}.Debug|Win32.ActiveCfg = Debug|Win32
		{E294BF43-D839-31D2-83AF-BFC9D96DE2E9}.Debug|Win32.Build.0 = Debug|Win32
		{E294BF43-D839-31D2-83AF-BFC9D96DE2E9}.Release|Win32.ActiveCfg = Release|Win32
		{E294BF43-D839-31D2-83AF-BFC9D96DE2E9}.Release|Win32.Build.0 = Release|Win32
		{E294BF43-D839-31D2-83AF-BFC9D96DE2E9}.MinSizeRel|Win32.ActiveCfg = MinSizeRel|Win32
		{E294BF43-D839-31D2-83AF-BFC9D96DE2E9}.MinSizeRel|Win32.Build.0 = MinSizeRel|Win32
		{E294BF43-D839-31D2-83AF-BFC9D96DE2E9}.RelWithDebInfo|Win32.ActiveCfg = RelWithDebInfo|Win32
		{E294BF43-D839-31D2-83AF-BFC9D96DE2E9}.RelWithDebInfo|Win32.Build.0 = RelWithDebInfo|Win32
		{46D1BB3B-BEA2-3C0D-8277-CD37002931F1}.Debug|Win32.ActiveCfg = Debug|Win32
		{46D1BB3B-BEA2-3C0D-8277-CD37002931F1}.Debug|Win32.Build.0 = Debug|Win32
		{46D1BB3B-BEA2-3C0D-8277-CD37002931F1}.Release|Win32.ActiveCfg = Release|Win32
		{46D1BB3B-BEA2-3C0D-8277-CD37002931F1}.Release|Win32.Build.0 = Release|Win32
		{46D1BB3B-BEA2-3C0D-8277-CD37002931F1}.MinSizeRel|Win32.ActiveCfg = MinSizeRel|Win32
		{46D1BB3B-BEA2-3C0D-8277-CD37002931F1}.MinSizeRel|Win32.Build.0 = MinSizeRel|Win32
		{46D1BB3B-BEA2-3C0D-8277-CD37002931F1}.RelWithDebInfo|Win32.ActiveCfg = RelWithDebInfo|Win32
		{46D1BB3B-BEA2-3C0D-8277-CD37002931F1}.RelWithDebInfo|Win32.Build.0 = RelWithDebInfo|Win32
		{DDC0E5D7-C364-3E1A-A1C8-0BDD773F4C12}.Debug|Win32.ActiveCfg = Debug|Win32
		{DDC0E5D7-C364-3E1A-A1C8-0BDD773F4C12}.Debug|Win32.Build.0 = Debug|Win32
		{DDC0E5D7-C364-3E1A-A1C8-0BDD773F4C12}.Release|Win32.ActiveCfg = Release|Win32
		{DDC0E5D7-C364-3E1A-A1C8-0BDD773F4C12}.Release|Win32.Build.0 = Release|Win32
		{DDC0E5D7-C364-3E1A-A1C8-0BDD773F4C12}.MinSizeRel|Win32.ActiveCfg = MinSizeRel|Win32
		{DDC0E5D7-C364-3E1A-A1C8-0BDD773F4C12}.MinSizeRel|Win32.Build.0 = MinSizeRel|Win32
		{DDC0E5D7-C364-3E1A-A1C8-0BDD773F4C12}.RelWithDebInfo|Win32.ActiveCfg = RelWithDebInfo|Win32
		{DDC0E5D7-C364-3E1A-A1C8-0BDD773F4C12}.RelWithDebInfo|Win32.Build.0 = RelWithDebInfo|Win32
		{3EDC5BBE-0BDC-32B7-9CE0-0F3CAAA02751}.Debug|Win32.ActiveCfg = Debug|Win32
		{3EDC5BBE-0BDC-32B7-9CE0-0F3CAAA02751}.Debug|Win32.Build.0 = Debug|Win32
		{3EDC5BBE-0BDC-32B7-9CE0-0F3CAAA02751}.Release|Win32.ActiveCfg = Release|Win32
		{3EDC5BBE-0BDC-32B7-9CE0-0F3CAAA02751}.Release|Win32.Build.0 = Release|Win32
		{3EDC5BBE-0BDC-32B7-9CE0-0F3CAAA02751}.MinSizeRel|Win32.ActiveCfg = MinSizeRel|Win32
		{3EDC5BBE-0BDC-32B7-9CE0-0F3CAAA02751}.MinSizeRel|Win32.Build.0 = MinSizeRel|Win32
		{3EDC5BBE-0BDC-32B7-9CE0-0F3CAAA02751}.RelWithDebInfo|Win32.ActiveCfg = RelWithDebInfo|Win32
		{3EDC5BBE-0BDC-32B7-9CE0-0F3CAAA02751}.RelWithDebInfo|Win32.Build.0 = RelWithDebInfo|Win32
		{DD51D20A-42CA-31E2-9A02-4D762A9140B4}.Debug|Win32.ActiveCfg = Debug|Win32
		{DD51D20A-42CA-31E2-9A02-4D762A9140B4}.Debug|Win32.Build.0 = Debug|Win32
		{DD51D20A-42CA-31E2-9A02-4D762A9140B4}.Release|Win32.ActiveCfg = Release|Win32
		{DD51D20A-42CA-31E2-9A02-4D762A9140B4}.Release|Win32.Build.0 = Release|Win32
		{DD51D20A-42CA-31E2-9A02-4D762A9140B4}.MinSizeRel|Win32.ActiveCfg = MinSizeRel|Win32
		{DD51D20A-42CA-31E2-9A02-4D762A9140B4}.MinSizeRel|Win32.Build.0 = MinSizeRel|Win32
		{DD51D20A-42CA-31E2-9A02-4D762A9140B4}.RelWithDebInfo|Win32.ActiveCfg = RelWithDebInfo|Win32
		{DD51D20A-42CA-31E2-9A02-4D762A9140B4}.RelWithDebInfo|Win32.Build.0 = RelWithDebInfo|Win32
		{BD0E56F0-820F-3D7A-925F-F479DF14B93B}.Debug|Win32.ActiveCfg = Debug|Win32
		{BD0E56F0-820F-3D7A-925F-F479DF14B93B}.Debug|Win32.Build.0 = Debug|Win32
		{BD0E56F0-820F-3D7A-925F-F479DF14B93B}.Release|Win32.ActiveCfg = Release|Win32
		{BD0E56F0-820F-3D7A-925F-F479DF14B93B}.Release|Win32.Build.0 = Release|Win32
		{BD0E56F0-820F-3D7A-925F-F479DF14B93B}.MinSizeRel|Win32.ActiveCfg = MinSizeRel|Win32
		{BD0E56F0-820F-3D7A-925F-F479DF14B93B}.MinSizeRel|Win32.Build.0 = MinSizeRel|Win32
		{BD0E56F0-820F-3D7A-925F-F479DF14B93B}.RelWithDebInfo|Win32.ActiveCfg = RelWithDebInfo|Win32
		{BD0E56F0-820F-3D7A-925F-F479DF14B93B}.RelWithDebInfo|Win32.Build.0 = RelWithDebInfo|Win32
		{36E9B640-459D-37B3-9E1F-5BE0C7173268}.Debug|Win32.ActiveCfg = Debug|Win32
		{36E9B640-459D-37B3-9E1F-5BE0C7173268}.Debug|Win32.Build.0 = Debug|Win32
		{36E9B640-459D-37B3-9E1F-5BE0C7173268}.Release|Win32.ActiveCfg = Release|Win32
		{36E9B640-459D-37B3-9E1F-5BE0C7173268}.Release|Win32.Build.0 = Release|Win32
		{36E9B640-459D-37B3-9E1F-5BE0C7173268}.MinSizeRel|Win32.ActiveCfg = MinSizeRel|Win32
		{36E9B640-459D-37B3-9E1F-5BE0C7173268}.MinSizeRel|Win32.Build.0 = MinSizeRel|Win32
		{36E9B640-459D-37B3-9E1F-5BE0C7173268}.RelWithDebInfo|Win32.ActiveCfg = RelWithDebInfo|Win32
		{36E9B640-459D-37B3-9E1F-5BE0C7173268}.RelWithDebInfo|Win32.Build.0 = RelWithDebInfo|Win32
		{83685D4A-4ADC-334A-83E6-07F66278F49E}.Debug|Win32.ActiveCfg = Debug|Win32
		{83685D4A-4ADC-334A-83E6-07F66278F49E}.Debug|Win32.Build.0 = Debug|Win32
		{83685D4A-4ADC-334A-83E6-07F66278F49E}.Release|Win32.ActiveCfg = Release|Win32
		{83685D4A-4ADC-334A-83E6-07F66278F49E}.Release|Win32.Build.0 = Release|Win32
		{83685D4A-4ADC-334A-83E6-07F66278F49E}.MinSizeRel|Win32.ActiveCfg = MinSizeRel|Win32
		{83685D4A-4ADC-334A-83E6-07F66278F49E}.MinSizeRel|Win32.Build.0 = MinSizeRel|Win32
		{83685D4A-4ADC-334A-83E6-07F66278F49E}.RelWithDebInfo|Win32.ActiveCfg = RelWithDebInfo|Win32
		{83685D4A-4ADC-334A-83E6-07F66278F49E}.RelWithDebInfo|Win32.Build.0 = RelWithDebInfo|Win32
		{0CABE424-662F-3A61-8AC9-A8269557FA63}.Debug|Win32.ActiveCfg = Debug|Win32
		{0CABE424-662F-3A61-8AC9-A8269557FA63}.Debug|Win32.Build.0 = Debug|Win32
		{0CABE424-662F-3A61-8AC9-A8269557FA63}.Release|Win32.ActiveCfg = Release|Win32
		{0CABE424-662F-3A61-8AC9-A8269557FA63}.Release|Win32.Build.0 = Release|Win32
		{0CABE424-662F-3A61-8AC9-A8269557FA63}.MinSizeRel|Win32.ActiveCfg = MinSizeRel|Win32
		{0CABE424-662F-3A61-8AC9-A8269557FA63}.MinSizeRel|Win32.Build.0 = MinSizeRel|Win32
		{0CABE424-662F-3A61-8AC9-A8269557FA63}.RelWithDebInfo|Win32.ActiveCfg = RelWithDebInfo|Win32
		{0CABE424-662F-3A61-8AC9-A8269557FA63}.RelWithDebInfo|Win32.Build.0 = RelWithDebInfo|Win32
		{D823287B-342A-3253-ADB3-1DFE0C965FAF}.Debug|Win32.ActiveCfg = Debug|Win32
		{D823287B-342A-3253-ADB3-1DFE0C965FAF}.Debug|Win32.Build.0 = Debug|Win32
		{D823287B-342A-3253-ADB3-1DFE0C965FAF}.Release|Win32.ActiveCfg = Release|Win32
		{D823287B-342A-3253-ADB3-1DFE0C965FAF}.Release|Win32.Build.0 = Release|Win32
		{D823287B-342A-3253-ADB3-1DFE0C965FAF}.MinSizeRel|Win32.ActiveCfg = MinSizeRel|Win32
		{D823287B-342A-3253-ADB3-1DFE0C965FAF}.MinSizeRel|Win32.Build.0 = MinSizeRel|Win32
		{D823287B-342A-3253-ADB3-1DFE0C965FAF}.RelWithDebInfo|Win32.ActiveCfg = RelWithDebInfo|Win32
		{D823287B-342A-3253-ADB3-1DFE0C965FAF}.RelWithDebInfo|Win32.Build.0 = RelWithDebInfo|Win32
		{93C2F25F-B032-3795-8FF4-0B3BF7A3EAD3}.Debug|Win32.ActiveCfg = Debug|Win32
		{93C2F25F-B032-3795-8FF4-0B3BF7A3EAD3}.Debug|Win32.Build.0 = Debug|Win32
		{93C2F25F-B032-3795-8FF4-0B3BF7A3EAD3}.Release|Win32.ActiveCfg = Release|Win32
		{93C2F25F-B032-3795-8FF4-0B3BF7A3EAD3}.Release|Win32.Build.0 = Release|Win32
		{93C2F25F-B032-3795-8FF4-0B3BF7A3EAD3}.MinSizeRel|Win32.ActiveCfg = MinSizeRel|Win32
		{93C2F25F-B032-3795-8FF4-0B3BF7A3EAD3}.MinSizeRel|Win32.Build.0 = MinSizeRel|Win32
		{93C2F25F-B032-3795-8FF4-0B3BF7A3EAD3}.RelWithDebInfo|Win32.ActiveCfg = RelWithDebInfo|Win32
		{93C2F25F-B032-3795-8FF4-0B3BF7A3EAD3}.RelWithDebInfo|Win32.Build.0 = RelWithDebInfo|Win32
		{AFEC6D30-806C-3271-97AC-55BE516A8A58}.Debug|Win32.ActiveCfg = Debug|Win32
		{AFEC6D30-806C-3271-97AC-55BE516A8A58}.Debug|Win32.Build.0 = Debug|Win32
		{AFEC6D30-806C-3271-97AC-55BE516A8A58}.Release|Win32.ActiveCfg = Release|Win32
		{AFEC6D30-806C-3271-97AC-55BE516A8A58}.Release|Win32.Build.0 = Release|Win32
		{AFEC6D30-806C-3271-97AC-55BE516A8A58}.MinSizeRel|Win32.ActiveCfg = MinSizeRel|Win32
		{AFEC6D30-806C-3271-97AC-55BE516A8A58}.MinSizeRel|Win32.Build.0 = MinSizeRel|Win32
		{AFEC6D30-806C-3271-97AC-55BE516A8A58}.RelWithDebInfo|Win32.ActiveCfg = RelWithDebInfo|Win32
		{AFEC6D30-806C-3271-97AC-55BE516A8A58}.RelWithDebInfo|Win32.Build.0 = RelWithDebInfo|Win32
		{7AFD6263-4F16-390E-9C74-53C6485B8685}.Debug|Win32.ActiveCfg = Debug|Win32
		{7AFD6263-4F16-390E-9C74-53C6485B8685}.Debug|Win32.Build.0 = Debug|Win32
		{7AFD6263-4F16-390E-9C74-53C6485B8685}.Release|Win32.ActiveCfg = Release|Win32
		{7AFD6263-4F16-390E-9C74-53C6485B8685}.Release|Win32.Build.0 = Release|Win32
		{7AFD6263-4F16-390E-9C74-53C6485B8685}.MinSizeRel|Win32.ActiveCfg = MinSizeRel|Win32
		{7AFD6263-4F16-390E-9C74-53C6485B8685}.MinSizeRel|Win32.Build.0 = MinSizeRel|Win32
		{7AFD6263-4F16-390E-9C74-53C6485B8685}.RelWithDebInfo|Win32.ActiveCfg = RelWithDebInfo|Win32
		{7AFD6263-4F16-390E-9C74-53C6485B8685}.RelWithDebInfo|Win32.Build.0 = RelWithDebInfo|Win32
		{EAA067D1-A791-3A74-B5F9-330AEAF0334C}.Debug|Win32.ActiveCfg = Debug|Win32
		{EAA067D1-A791-3A74-B5F9-330AEAF0334C}.Debug|Win32.Build.0 = Debug|Win32
		{EAA067D1-A791-3A74-B5F9-330AEAF0334C}.Release|Win32.ActiveCfg = Release|Win32
		{EAA067D1-A791-3A74-B5F9-330AEAF0334C}.Release|Win32.Build.0 = Release|Win32
		{EAA067D1-A791-3A74-B5F9-330AEAF0334C}.MinSizeRel|Win32.ActiveCfg = MinSizeRel|Win32
		{EAA067D1-A791-3A74-B5F9-330AEAF0334C}.MinSizeRel|Win32.Build.0 = MinSizeRel|Win32
		{EAA067D1-A791-3A74-B5F9-330AEAF0334C}.RelWithDebInfo|Win32.ActiveCfg = RelWithDebInfo|Win32
		{EAA067D1-A791-3A74-B5F9-330AEAF0334C}.RelWithDebInfo|Win32.Build.0 = RelWithDebInfo|Win32
		{988D3D10-2EA9-3916-B9C2-57C8CF7ECB79}.Debug|Win32.ActiveCfg = Debug|Win32
		{988D3D10-2EA9-3916-B9C2-57C8CF7ECB79}.Debug|Win32.Build.0 = Debug|Win32
		{988D3D10-2EA9-3916-B9C2-57C8CF7ECB79}.Release|Win32.ActiveCfg = Release|Win32
		{988D3D10-2EA9-3916-B9C2-57C8CF7ECB79}.Release|Win32.Build.0 = Release|Win32
		{988D3D10-2EA9-3916-B9C2-57C8CF7ECB79}.MinSizeRel|Win32.ActiveCfg = MinSizeRel|Win32
		{988D3D10-2EA9-3916-B9C2-57C8CF7ECB79}.MinSizeRel|Win32.Build.0 = MinSizeRel|Win32
		{988D3D10-2EA9-3916-B9C2-57C8CF7ECB79}.RelWithDebInfo|Win32.ActiveCfg = RelWithDebInfo|Win32
		{988D3D10-2EA9-3916-B9C2-57C8CF7ECB79}.RelWithDebInfo|Win32.Build.0 = RelWithDebInfo|Win32
		{93910532-7E25-30B5-B004-CBB1F9F4B960}.Debug|Win32.ActiveCfg = Debug|Win32
		{93910532-7E25-30B5-B004-CBB1F9F4B960}.Debug|Win32.Build.0 = Debug|Win32
		{93910532-7E25-30B5-B004-CBB1F9F4B960}.Release|Win32.ActiveCfg = Release|Win32
		{93910532-7E25-30B5-B004-CBB1F9F4B960}.Release|Win32.Build.0 = Release|Win32
		{93910532-7E25-30B5-B004-CBB1F9F4B960}.MinSizeRel|Win32.ActiveCfg = MinSizeRel|Win32
		{93910532-7E25-30B5-B004-CBB1F9F4B960}.MinSizeRel|Win32.Build.0 = MinSizeRel|Win32
		{93910532-7E25-30B5-B004-CBB1F9F4B960}.RelWithDebInfo|Win32.ActiveCfg = RelWithDebInfo|Win32
		{93910532-7E25-30B5-B004-CBB1F9F4B960}.RelWithDebInfo|Win32.Build.0 = RelWithDebInfo|Win32
		{6FAE2DB9-6008-34E9-B53E-D33651AD5D0C}.Debug|Win32.ActiveCfg = Debug|Win32
		{6FAE2DB9-6008-34E9-B53E-D33651AD5D0C}.Debug|Win32.Build.0 = Debug|Win32
		{6FAE2DB9-6008-34E9-B53E-D33651AD5D0C}.Release|Win32.ActiveCfg = Release|Win32
		{6FAE2DB9-6008-34E9-B53E-D33651AD5D0C}.Release|Win32.Build.0 = Release|Win32
		{6FAE2DB9-6008-34E9-B53E-D33651AD5D0C}.MinSizeRel|Win32.ActiveCfg = MinSizeRel|Win32
		{6FAE2DB9-6008-34E9-B53E-D33651AD5D0C}.MinSizeRel|Win32.Build.0 = MinSizeRel|Win32
		{6FAE2DB9-6008-34E9-B53E-D33651AD5D0C}.RelWithDebInfo|Win32.ActiveCfg = RelWithDebInfo|Win32
		{6FAE2DB9-6008-34E9-B53E-D33651AD5D0C}.RelWithDebInfo|Win32.Build.0 = RelWithDebInfo|Win32
		{8C3BC074-F1C3-3DDF-85F7-FF68747C9489}.Debug|Win32.ActiveCfg = Debug|Win32
		{8C3BC074-F1C3-3DDF-85F7-FF68747C9489}.Debug|Win32.Build.0 = Debug|Win32
		{8C3BC074-F1C3-3DDF-85F7-FF68747C9489}.Release|Win32.ActiveCfg = Release|Win32
		{8C3BC074-F1C3-3DDF-85F7-FF68747C9489}.Release|Win32.Build.0 = Release|Win32
		{8C3BC074-F1C3-3DDF-85F7-FF68747C9489}.MinSizeRel|Win32.ActiveCfg = MinSizeRel|Win32
		{8C3BC074-F1C3-3DDF-85F7-FF68747C9489}.MinSizeRel|Win32.Build.0 = MinSizeRel|Win32
		{8C3BC074-F1C3-3DDF-85F7-FF68747C9489}.RelWithDebInfo|Win32.ActiveCfg = RelWithDebInfo|Win32
		{8C3BC074-F1C3-3DDF-85F7-FF68747C9489}.RelWithDebInfo|Win32.Build.0 = RelWithDebInfo|Win32
		{3981C02B-EDF5-3ACA-9469-96550D062DAD}.Debug|Win32.ActiveCfg = Debug|Win32
		{3981C02B-EDF5-3ACA-9469-96550D062DAD}.Debug|Win32.Build.0 = Debug|Win32
		{3981C02B-EDF5-3ACA-9469-96550D062DAD}.Release|Win32.ActiveCfg = Release|Win32
		{3981C02B-EDF5-3ACA-9469-96550D062DAD}.Release|Win32.Build.0 = Release|Win32
		{3981C02B-EDF5-3ACA-9469-96550D062DAD}.MinSizeRel|Win32.ActiveCfg = MinSizeRel|Win32
		{3981C02B-EDF5-3ACA-9469-96550D062DAD}.MinSizeRel|Win32.Build.0 = MinSizeRel|Win32
		{3981C02B-EDF5-3ACA-9469-96550D062DAD}.RelWithDebInfo|Win32.ActiveCfg = RelWithDebInfo|Win32
		{3981C02B-EDF5-3ACA-9469-96550D062DAD}.RelWithDebInfo|Win32.Build.0 = RelWithDebInfo|Win32
		{335F387B-D4B6-390B-A546-092EFD3598B3}.Debug|Win32.ActiveCfg = Debug|Win32
		{335F387B-D4B6-390B-A546-092EFD3598B3}.Release|Win32.ActiveCfg = Release|Win32
		{335F387B-D4B6-390B-A546-092EFD3598B3}.MinSizeRel|Win32.ActiveCfg = MinSizeRel|Win32
		{335F387B-D4B6-390B-A546-092EFD3598B3}.RelWithDebInfo|Win32.ActiveCfg = RelWithDebInfo|Win32
		{1EA0C225-C471-328E-9CF8-DE304567566D}.Debug|Win32.ActiveCfg = Debug|Win32
		{1EA0C225-C471-328E-9CF8-DE304567566D}.Debug|Win32.Build.0 = Debug|Win32
		{1EA0C225-C471-328E-9CF8-DE304567566D}.Release|Win32.ActiveCfg = Release|Win32
		{1EA0C225-C471-328E-9CF8-DE304567566D}.Release|Win32.Build.0 = Release|Win32
		{1EA0C225-C471-328E-9CF8-DE304567566D}.MinSizeRel|Win32.ActiveCfg = MinSizeRel|Win32
		{1EA0C225-C471-328E-9CF8-DE304567566D}.MinSizeRel|Win32.Build.0 = MinSizeRel|Win32
		{1EA0C225-C471-328E-9CF8-DE304567566D}.RelWithDebInfo|Win32.ActiveCfg = RelWithDebInfo|Win32
		{1EA0C225-C471-328E-9CF8-DE304567566D}.RelWithDebInfo|Win32.Build.0 = RelWithDebInfo|Win32
		{793FBFF5-7302-34B0-A0D8-8A860E77ECE4}.Debug|Win32.ActiveCfg = Debug|Win32
		{793FBFF5-7302-34B0-A0D8-8A860E77ECE4}.Debug|Win32.Build.0 = Debug|Win32
		{793FBFF5-7302-34B0-A0D8-8A860E77ECE4}.Release|Win32.ActiveCfg = Release|Win32
		{793FBFF5-7302-34B0-A0D8-8A860E77ECE4}.Release|Win32.Build.0 = Release|Win32
		{793FBFF5-7302-34B0-A0D8-8A860E77ECE4}.MinSizeRel|Win32.ActiveCfg = MinSizeRel|Win32
		{793FBFF5-7302-34B0-A0D8-8A860E77ECE4}.MinSizeRel|Win32.Build.0 = MinSizeRel|Win32
		{793FBFF5-7302-34B0-A0D8-8A860E77ECE4}.RelWithDebInfo|Win32.ActiveCfg = RelWithDebInfo|Win32
		{793FBFF5-7302-34B0-A0D8-8A860E77ECE4}.RelWithDebInfo|Win32.Build.0 = RelWithDebInfo|Win32
	EndGlobalSection
	GlobalSection(NestedProjects) = preSolution
		{1152204F-879C-3FBF-8956-86A18FB9E21D} = {6BB9F875-85A3-307B-8D6D-60F52F4DBC4D}
		{348FC29E-9A54-3E54-A9B2-0D2589AD6AF6} = {6BB9F875-85A3-307B-8D6D-60F52F4DBC4D}
		{3D254A11-DE3D-3988-AC06-AD27BA538760} = {6BB9F875-85A3-307B-8D6D-60F52F4DBC4D}
		{6BFF2A23-9AC9-3380-AD8F-74D15CF76E47} = {DF7879FB-2648-3279-B2CB-9D58186F1A95}
		{37555C6E-C9AE-3B81-978B-0D67D6C5509F} = {DF7879FB-2648-3279-B2CB-9D58186F1A95}
		{DDE56B03-DF55-301A-A343-A5DFE780207F} = {DF7879FB-2648-3279-B2CB-9D58186F1A95}
		{335F387B-D4B6-390B-A546-092EFD3598B3} = {DF7879FB-2648-3279-B2CB-9D58186F1A95}
		{3CB549EB-E8A3-392A-A680-8A437E411578} = {6BFF2A23-9AC9-3380-AD8F-74D15CF76E47}
		{0E7E4AAD-4306-36C4-9384-F102A193D4CB} = {6BFF2A23-9AC9-3380-AD8F-74D15CF76E47}
		{E294BF43-D839-31D2-83AF-BFC9D96DE2E9} = {6BFF2A23-9AC9-3380-AD8F-74D15CF76E47}
		{83685D4A-4ADC-334A-83E6-07F66278F49E} = {6BFF2A23-9AC9-3380-AD8F-74D15CF76E47}
		{D823287B-342A-3253-ADB3-1DFE0C965FAF} = {6BFF2A23-9AC9-3380-AD8F-74D15CF76E47}
		{AFEC6D30-806C-3271-97AC-55BE516A8A58} = {6BFF2A23-9AC9-3380-AD8F-74D15CF76E47}
		{7AFD6263-4F16-390E-9C74-53C6485B8685} = {6BFF2A23-9AC9-3380-AD8F-74D15CF76E47}
		{EAA067D1-A791-3A74-B5F9-330AEAF0334C} = {6BFF2A23-9AC9-3380-AD8F-74D15CF76E47}
		{1EA0C225-C471-328E-9CF8-DE304567566D} = {6BFF2A23-9AC9-3380-AD8F-74D15CF76E47}
		{8D2474A8-067E-36DC-8455-FDDF59C84FFB} = {37555C6E-C9AE-3B81-978B-0D67D6C5509F}
		{85F3BF3E-5594-3902-BADB-7AE232693ECB} = {37555C6E-C9AE-3B81-978B-0D67D6C5509F}
		{78E454EE-E83E-3CA8-BC5B-2D87BBF73941} = {37555C6E-C9AE-3B81-978B-0D67D6C5509F}
		{61EC6DB6-6E8F-3D13-B991-44D2D802E56D} = {37555C6E-C9AE-3B81-978B-0D67D6C5509F}
		{24C37555-624D-381A-A950-4470111CC5CE} = {37555C6E-C9AE-3B81-978B-0D67D6C5509F}
		{7F19D4B8-2217-3C5B-88FF-E4833B78715A} = {37555C6E-C9AE-3B81-978B-0D67D6C5509F}
		{46D1BB3B-BEA2-3C0D-8277-CD37002931F1} = {37555C6E-C9AE-3B81-978B-0D67D6C5509F}
		{DDC0E5D7-C364-3E1A-A1C8-0BDD773F4C12} = {37555C6E-C9AE-3B81-978B-0D67D6C5509F}
		{3EDC5BBE-0BDC-32B7-9CE0-0F3CAAA02751} = {37555C6E-C9AE-3B81-978B-0D67D6C5509F}
		{DD51D20A-42CA-31E2-9A02-4D762A9140B4} = {37555C6E-C9AE-3B81-978B-0D67D6C5509F}
		{BD0E56F0-820F-3D7A-925F-F479DF14B93B} = {37555C6E-C9AE-3B81-978B-0D67D6C5509F}
		{36E9B640-459D-37B3-9E1F-5BE0C7173268} = {37555C6E-C9AE-3B81-978B-0D67D6C5509F}
		{0CABE424-662F-3A61-8AC9-A8269557FA63} = {37555C6E-C9AE-3B81-978B-0D67D6C5509F}
		{93C2F25F-B032-3795-8FF4-0B3BF7A3EAD3} = {37555C6E-C9AE-3B81-978B-0D67D6C5509F}
		{988D3D10-2EA9-3916-B9C2-57C8CF7ECB79} = {37555C6E-C9AE-3B81-978B-0D67D6C5509F}
		{93910532-7E25-30B5-B004-CBB1F9F4B960} = {37555C6E-C9AE-3B81-978B-0D67D6C5509F}
		{6FAE2DB9-6008-34E9-B53E-D33651AD5D0C} = {37555C6E-C9AE-3B81-978B-0D67D6C5509F}
		{8C3BC074-F1C3-3DDF-85F7-FF68747C9489} = {37555C6E-C9AE-3B81-978B-0D67D6C5509F}
		{3981C02B-EDF5-3ACA-9469-96550D062DAD} = {37555C6E-C9AE-3B81-978B-0D67D6C5509F}
		{793FBFF5-7302-34B0-A0D8-8A860E77ECE4} = {37555C6E-C9AE-3B81-978B-0D67D6C5509F}
	EndGlobalSection
	GlobalSection(ExtensibilityGlobals) = postSolution
		SolutionGuid = {3B8F079A-0121-3BB6-B6B1-571C5CD80F54}
	EndGlobalSection
	GlobalSection(ExtensibilityAddIns) = postSolution
	EndGlobalSection
EndGlobal
