<?xml version="1.0" encoding="utf-8"?>
<Project ToolsVersion="16.0" xmlns="http://schemas.microsoft.com/developer/msbuild/2003">
  <ItemGroup>
    <CustomBuild Include="C:\glfw-3.3.4\bin\x86_VS19\CMakeFiles\db4a8b48d6aadbd0c9457d4c4155a274\INSTALL_force.rule">
      <Filter>CMake Rules</Filter>
    </CustomBuild>
  </ItemGroup>
  <ItemGroup>
    <Filter Include="CMake Rules">
      <UniqueIdentifier>{C1AC4A2C-3990-3F65-9105-FDB5CA88F977}</UniqueIdentifier>
    </Filter>
  </ItemGroup>
</Project>
