
Microsoft Visual Studio Solution File, Format Version 12.00
# Visual Studio Version 16
Project("{2150E333-8FDC-42A3-9474-1A3956D46DE8}") = "CMakePredefinedTargets", "CMakePredefinedTargets", "{9D82322A-82C7-38F5-ABBB-3F8513A54FF4}"
EndProject
Project("{2150E333-8FDC-42A3-9474-1A3956D46DE8}") = "GLFW3", "GLFW3", "{BC31A1C1-128B-3DB5-A078-613E356C30A2}"
EndProject
Project("{2150E333-8FDC-42A3-9474-1A3956D46DE8}") = "Examples", "GLFW3\Examples", "{68A07F7C-96DB-3CCC-8E80-997B98C12648}"
EndProject
Project("{2150E333-8FDC-42A3-9474-1A3956D46DE8}") = "Tests", "GLFW3\Tests", "{7E175E43-70F5-3458-BF8B-C2C1AC0DB504}"
EndProject
Project("{8BC9CEB8-8B4A-11D0-8D11-00A0C91BC942}") = "ALL_BUILD", "ALL_BUILD.vcxproj", "{8BDF601F-0BF1-3825-8E60-9DCEB4BD0F96}"
	ProjectSection(ProjectDependencies) = postProject
		{214BD6A0-36D9-31B3-9DE6-2CEF327ABE31} = {214BD6A0-36D9-31B3-9DE6-2CEF327ABE31}
		{5B56968D-4308-3108-B905-A0C75031818B} = {5B56968D-4308-3108-B905-A0C75031818B}
		{DB9077D8-480D-3344-8084-9A6EE3A1E2EF} = {DB9077D8-480D-3344-8084-9A6EE3A1E2EF}
		{D869E87D-EB8F-3C14-AFD7-CA6C797C05DF} = {D869E87D-EB8F-3C14-AFD7-CA6C797C05DF}
		{96D7028E-4260-3E18-A757-F542A47323DC} = {96D7028E-4260-3E18-A757-F542A47323DC}
		{3BAC0628-E4B6-3D0F-A129-38EC4252DCF4} = {3BAC0628-E4B6-3D0F-A129-38EC4252DCF4}
		{A78BD365-D631-35E7-8923-E9A562FEA630} = {A78BD365-D631-35E7-8923-E9A562FEA630}
		{1EAF8BAC-6687-3FC7-8541-BEBAF75C6EB7} = {1EAF8BAC-6687-3FC7-8541-BEBAF75C6EB7}
		{D8289C2F-FE16-36CA-8DF7-3C7241D02419} = {D8289C2F-FE16-36CA-8DF7-3C7241D02419}
		{C1740832-1594-35BA-99F9-F512F9E8C11B} = {C1740832-1594-35BA-99F9-F512F9E8C11B}
		{FE6C15AE-3318-34BB-86E4-148B97017B0E} = {FE6C15AE-3318-34BB-86E4-148B97017B0E}
		{5A228061-A77C-3DD7-8815-A84C4EC468FB} = {5A228061-A77C-3DD7-8815-A84C4EC468FB}
		{F8217862-0DFE-3531-86B6-78D83812A71B} = {F8217862-0DFE-3531-86B6-78D83812A71B}
		{8C607B49-5842-3B05-AE47-94B9D686879C} = {8C607B49-5842-3B05-AE47-94B9D686879C}
		{ABE2579B-978D-3738-BCA0-48B599FEBA0E} = {ABE2579B-978D-3738-BCA0-48B599FEBA0E}
		{32F5AADB-13EF-3395-9DBB-5B56ACBD3EDF} = {32F5AADB-13EF-3395-9DBB-5B56ACBD3EDF}
		{494B61C7-680C-3930-B8AA-187F8A47AB77} = {494B61C7-680C-3930-B8AA-187F8A47AB77}
		{493D63EA-2BA5-32B0-8AD0-3B666C9181E3} = {493D63EA-2BA5-32B0-8AD0-3B666C9181E3}
		{F86C2487-B583-3145-9648-4F6A58668F1D} = {F86C2487-B583-3145-9648-4F6A58668F1D}
		{C563A292-96E8-376F-BE54-7F6DEF64329E} = {C563A292-96E8-376F-BE54-7F6DEF64329E}
		{2C4009FF-7E24-3977-B9FD-95867BCD9F7E} = {2C4009FF-7E24-3977-B9FD-95867BCD9F7E}
		{785735FB-0837-3FF1-9FB0-D87B3F9FCC5B} = {785735FB-0837-3FF1-9FB0-D87B3F9FCC5B}
		{2A768272-0842-37D7-8EAE-0C60FD185431} = {2A768272-0842-37D7-8EAE-0C60FD185431}
		{AF29DAAD-3D2A-3399-B219-E90C401D557B} = {AF29DAAD-3D2A-3399-B219-E90C401D557B}
		{3A1DE3BE-E4C5-3F89-B58C-4CFDBA32BF12} = {3A1DE3BE-E4C5-3F89-B58C-4CFDBA32BF12}
		{4B7159CD-5535-37A7-ACD7-7DB839A0A1FB} = {4B7159CD-5535-37A7-ACD7-7DB839A0A1FB}
		{EA238531-AE86-362E-97F2-96589BADA596} = {EA238531-AE86-362E-97F2-96589BADA596}
		{3D7C0D81-B62D-302C-924F-FD798CF82A27} = {3D7C0D81-B62D-302C-924F-FD798CF82A27}
		{6D7FB405-AA27-366F-A756-D112477BE4FF} = {6D7FB405-AA27-366F-A756-D112477BE4FF}
		{820AB7C9-CEDC-337F-91F1-9EE1FECFFF74} = {820AB7C9-CEDC-337F-91F1-9EE1FECFFF74}
		{B576C5E7-BB25-31DF-AA0C-BB73827127B0} = {B576C5E7-BB25-31DF-AA0C-BB73827127B0}
	EndProjectSection
EndProject
Project("{8BC9CEB8-8B4A-11D0-8D11-00A0C91BC942}") = "INSTALL", "INSTALL.vcxproj", "{2D6E18FA-456B-385A-AB41-B5ADD7943B16}"
	ProjectSection(ProjectDependencies) = postProject
		{8BDF601F-0BF1-3825-8E60-9DCEB4BD0F96} = {8BDF601F-0BF1-3825-8E60-9DCEB4BD0F96}
		{214BD6A0-36D9-31B3-9DE6-2CEF327ABE31} = {214BD6A0-36D9-31B3-9DE6-2CEF327ABE31}
	EndProjectSection
EndProject
Project("{8BC9CEB8-8B4A-11D0-8D11-00A0C91BC942}") = "ZERO_CHECK", "ZERO_CHECK.vcxproj", "{214BD6A0-36D9-31B3-9DE6-2CEF327ABE31}"
	ProjectSection(ProjectDependencies) = postProject
	EndProjectSection
EndProject
Project("{8BC9CEB8-8B4A-11D0-8D11-00A0C91BC942}") = "boing", "examples\boing.vcxproj", "{5B56968D-4308-3108-B905-A0C75031818B}"
	ProjectSection(ProjectDependencies) = postProject
		{214BD6A0-36D9-31B3-9DE6-2CEF327ABE31} = {214BD6A0-36D9-31B3-9DE6-2CEF327ABE31}
		{D8289C2F-FE16-36CA-8DF7-3C7241D02419} = {D8289C2F-FE16-36CA-8DF7-3C7241D02419}
	EndProjectSection
EndProject
Project("{8BC9CEB8-8B4A-11D0-8D11-00A0C91BC942}") = "clipboard", "tests\clipboard.vcxproj", "{DB9077D8-480D-3344-8084-9A6EE3A1E2EF}"
	ProjectSection(ProjectDependencies) = postProject
		{214BD6A0-36D9-31B3-9DE6-2CEF327ABE31} = {214BD6A0-36D9-31B3-9DE6-2CEF327ABE31}
		{D8289C2F-FE16-36CA-8DF7-3C7241D02419} = {D8289C2F-FE16-36CA-8DF7-3C7241D02419}
	EndProjectSection
EndProject
Project("{8BC9CEB8-8B4A-11D0-8D11-00A0C91BC942}") = "cursor", "tests\cursor.vcxproj", "{D869E87D-EB8F-3C14-AFD7-CA6C797C05DF}"
	ProjectSection(ProjectDependencies) = postProject
		{214BD6A0-36D9-31B3-9DE6-2CEF327ABE31} = {214BD6A0-36D9-31B3-9DE6-2CEF327ABE31}
		{D8289C2F-FE16-36CA-8DF7-3C7241D02419} = {D8289C2F-FE16-36CA-8DF7-3C7241D02419}
	EndProjectSection
EndProject
Project("{8BC9CEB8-8B4A-11D0-8D11-00A0C91BC942}") = "empty", "tests\empty.vcxproj", "{96D7028E-4260-3E18-A757-F542A47323DC}"
	ProjectSection(ProjectDependencies) = postProject
		{214BD6A0-36D9-31B3-9DE6-2CEF327ABE31} = {214BD6A0-36D9-31B3-9DE6-2CEF327ABE31}
		{D8289C2F-FE16-36CA-8DF7-3C7241D02419} = {D8289C2F-FE16-36CA-8DF7-3C7241D02419}
	EndProjectSection
EndProject
Project("{8BC9CEB8-8B4A-11D0-8D11-00A0C91BC942}") = "events", "tests\events.vcxproj", "{3BAC0628-E4B6-3D0F-A129-38EC4252DCF4}"
	ProjectSection(ProjectDependencies) = postProject
		{214BD6A0-36D9-31B3-9DE6-2CEF327ABE31} = {214BD6A0-36D9-31B3-9DE6-2CEF327ABE31}
		{D8289C2F-FE16-36CA-8DF7-3C7241D02419} = {D8289C2F-FE16-36CA-8DF7-3C7241D02419}
	EndProjectSection
EndProject
Project("{8BC9CEB8-8B4A-11D0-8D11-00A0C91BC942}") = "gamma", "tests\gamma.vcxproj", "{A78BD365-D631-35E7-8923-E9A562FEA630}"
	ProjectSection(ProjectDependencies) = postProject
		{214BD6A0-36D9-31B3-9DE6-2CEF327ABE31} = {214BD6A0-36D9-31B3-9DE6-2CEF327ABE31}
		{D8289C2F-FE16-36CA-8DF7-3C7241D02419} = {D8289C2F-FE16-36CA-8DF7-3C7241D02419}
	EndProjectSection
EndProject
Project("{8BC9CEB8-8B4A-11D0-8D11-00A0C91BC942}") = "gears", "examples\gears.vcxproj", "{1EAF8BAC-6687-3FC7-8541-BEBAF75C6EB7}"
	ProjectSection(ProjectDependencies) = postProject
		{214BD6A0-36D9-31B3-9DE6-2CEF327ABE31} = {214BD6A0-36D9-31B3-9DE6-2CEF327ABE31}
		{D8289C2F-FE16-36CA-8DF7-3C7241D02419} = {D8289C2F-FE16-36CA-8DF7-3C7241D02419}
	EndProjectSection
EndProject
Project("{8BC9CEB8-8B4A-11D0-8D11-00A0C91BC942}") = "glfw", "src\glfw.vcxproj", "{D8289C2F-FE16-36CA-8DF7-3C7241D02419}"
	ProjectSection(ProjectDependencies) = postProject
		{214BD6A0-36D9-31B3-9DE6-2CEF327ABE31} = {214BD6A0-36D9-31B3-9DE6-2CEF327ABE31}
	EndProjectSection
EndProject
Project("{8BC9CEB8-8B4A-11D0-8D11-00A0C91BC942}") = "glfwinfo", "tests\glfwinfo.vcxproj", "{C1740832-1594-35BA-99F9-F512F9E8C11B}"
	ProjectSection(ProjectDependencies) = postProject
		{214BD6A0-36D9-31B3-9DE6-2CEF327ABE31} = {214BD6A0-36D9-31B3-9DE6-2CEF327ABE31}
		{D8289C2F-FE16-36CA-8DF7-3C7241D02419} = {D8289C2F-FE16-36CA-8DF7-3C7241D02419}
	EndProjectSection
EndProject
Project("{8BC9CEB8-8B4A-11D0-8D11-00A0C91BC942}") = "heightmap", "examples\heightmap.vcxproj", "{FE6C15AE-3318-34BB-86E4-148B97017B0E}"
	ProjectSection(ProjectDependencies) = postProject
		{214BD6A0-36D9-31B3-9DE6-2CEF327ABE31} = {214BD6A0-36D9-31B3-9DE6-2CEF327ABE31}
		{D8289C2F-FE16-36CA-8DF7-3C7241D02419} = {D8289C2F-FE16-36CA-8DF7-3C7241D02419}
	EndProjectSection
EndProject
Project("{8BC9CEB8-8B4A-11D0-8D11-00A0C91BC942}") = "icon", "tests\icon.vcxproj", "{5A228061-A77C-3DD7-8815-A84C4EC468FB}"
	ProjectSection(ProjectDependencies) = postProject
		{214BD6A0-36D9-31B3-9DE6-2CEF327ABE31} = {214BD6A0-36D9-31B3-9DE6-2CEF327ABE31}
		{D8289C2F-FE16-36CA-8DF7-3C7241D02419} = {D8289C2F-FE16-36CA-8DF7-3C7241D02419}
	EndProjectSection
EndProject
Project("{8BC9CEB8-8B4A-11D0-8D11-00A0C91BC942}") = "iconify", "tests\iconify.vcxproj", "{F8217862-0DFE-3531-86B6-78D83812A71B}"
	ProjectSection(ProjectDependencies) = postProject
		{214BD6A0-36D9-31B3-9DE6-2CEF327ABE31} = {214BD6A0-36D9-31B3-9DE6-2CEF327ABE31}
		{D8289C2F-FE16-36CA-8DF7-3C7241D02419} = {D8289C2F-FE16-36CA-8DF7-3C7241D02419}
	EndProjectSection
EndProject
Project("{8BC9CEB8-8B4A-11D0-8D11-00A0C91BC942}") = "inputlag", "tests\inputlag.vcxproj", "{8C607B49-5842-3B05-AE47-94B9D686879C}"
	ProjectSection(ProjectDependencies) = postProject
		{214BD6A0-36D9-31B3-9DE6-2CEF327ABE31} = {214BD6A0-36D9-31B3-9DE6-2CEF327ABE31}
		{D8289C2F-FE16-36CA-8DF7-3C7241D02419} = {D8289C2F-FE16-36CA-8DF7-3C7241D02419}
	EndProjectSection
EndProject
Project("{8BC9CEB8-8B4A-11D0-8D11-00A0C91BC942}") = "joysticks", "tests\joysticks.vcxproj", "{ABE2579B-978D-3738-BCA0-48B599FEBA0E}"
	ProjectSection(ProjectDependencies) = postProject
		{214BD6A0-36D9-31B3-9DE6-2CEF327ABE31} = {214BD6A0-36D9-31B3-9DE6-2CEF327ABE31}
		{D8289C2F-FE16-36CA-8DF7-3C7241D02419} = {D8289C2F-FE16-36CA-8DF7-3C7241D02419}
	EndProjectSection
EndProject
Project("{8BC9CEB8-8B4A-11D0-8D11-00A0C91BC942}") = "monitors", "tests\monitors.vcxproj", "{32F5AADB-13EF-3395-9DBB-5B56ACBD3EDF}"
	ProjectSection(ProjectDependencies) = postProject
		{214BD6A0-36D9-31B3-9DE6-2CEF327ABE31} = {214BD6A0-36D9-31B3-9DE6-2CEF327ABE31}
		{D8289C2F-FE16-36CA-8DF7-3C7241D02419} = {D8289C2F-FE16-36CA-8DF7-3C7241D02419}
	EndProjectSection
EndProject
Project("{8BC9CEB8-8B4A-11D0-8D11-00A0C91BC942}") = "msaa", "tests\msaa.vcxproj", "{494B61C7-680C-3930-B8AA-187F8A47AB77}"
	ProjectSection(ProjectDependencies) = postProject
		{214BD6A0-36D9-31B3-9DE6-2CEF327ABE31} = {214BD6A0-36D9-31B3-9DE6-2CEF327ABE31}
		{D8289C2F-FE16-36CA-8DF7-3C7241D02419} = {D8289C2F-FE16-36CA-8DF7-3C7241D02419}
	EndProjectSection
EndProject
Project("{8BC9CEB8-8B4A-11D0-8D11-00A0C91BC942}") = "offscreen", "examples\offscreen.vcxproj", "{493D63EA-2BA5-32B0-8AD0-3B666C9181E3}"
	ProjectSection(ProjectDependencies) = postProject
		{214BD6A0-36D9-31B3-9DE6-2CEF327ABE31} = {214BD6A0-36D9-31B3-9DE6-2CEF327ABE31}
		{D8289C2F-FE16-36CA-8DF7-3C7241D02419} = {D8289C2F-FE16-36CA-8DF7-3C7241D02419}
	EndProjectSection
EndProject
Project("{8BC9CEB8-8B4A-11D0-8D11-00A0C91BC942}") = "opacity", "tests\opacity.vcxproj", "{F86C2487-B583-3145-9648-4F6A58668F1D}"
	ProjectSection(ProjectDependencies) = postProject
		{214BD6A0-36D9-31B3-9DE6-2CEF327ABE31} = {214BD6A0-36D9-31B3-9DE6-2CEF327ABE31}
		{D8289C2F-FE16-36CA-8DF7-3C7241D02419} = {D8289C2F-FE16-36CA-8DF7-3C7241D02419}
	EndProjectSection
EndProject
Project("{8BC9CEB8-8B4A-11D0-8D11-00A0C91BC942}") = "particles", "examples\particles.vcxproj", "{C563A292-96E8-376F-BE54-7F6DEF64329E}"
	ProjectSection(ProjectDependencies) = postProject
		{214BD6A0-36D9-31B3-9DE6-2CEF327ABE31} = {214BD6A0-36D9-31B3-9DE6-2CEF327ABE31}
		{D8289C2F-FE16-36CA-8DF7-3C7241D02419} = {D8289C2F-FE16-36CA-8DF7-3C7241D02419}
	EndProjectSection
EndProject
Project("{8BC9CEB8-8B4A-11D0-8D11-00A0C91BC942}") = "reopen", "tests\reopen.vcxproj", "{2C4009FF-7E24-3977-B9FD-95867BCD9F7E}"
	ProjectSection(ProjectDependencies) = postProject
		{214BD6A0-36D9-31B3-9DE6-2CEF327ABE31} = {214BD6A0-36D9-31B3-9DE6-2CEF327ABE31}
		{D8289C2F-FE16-36CA-8DF7-3C7241D02419} = {D8289C2F-FE16-36CA-8DF7-3C7241D02419}
	EndProjectSection
EndProject
Project("{8BC9CEB8-8B4A-11D0-8D11-00A0C91BC942}") = "sharing", "examples\sharing.vcxproj", "{785735FB-0837-3FF1-9FB0-D87B3F9FCC5B}"
	ProjectSection(ProjectDependencies) = postProject
		{214BD6A0-36D9-31B3-9DE6-2CEF327ABE31} = {214BD6A0-36D9-31B3-9DE6-2CEF327ABE31}
		{D8289C2F-FE16-36CA-8DF7-3C7241D02419} = {D8289C2F-FE16-36CA-8DF7-3C7241D02419}
	EndProjectSection
EndProject
Project("{8BC9CEB8-8B4A-11D0-8D11-00A0C91BC942}") = "simple", "examples\simple.vcxproj", "{2A768272-0842-37D7-8EAE-0C60FD185431}"
	ProjectSection(ProjectDependencies) = postProject
		{214BD6A0-36D9-31B3-9DE6-2CEF327ABE31} = {214BD6A0-36D9-31B3-9DE6-2CEF327ABE31}
		{D8289C2F-FE16-36CA-8DF7-3C7241D02419} = {D8289C2F-FE16-36CA-8DF7-3C7241D02419}
	EndProjectSection
EndProject
Project("{8BC9CEB8-8B4A-11D0-8D11-00A0C91BC942}") = "splitview", "examples\splitview.vcxproj", "{AF29DAAD-3D2A-3399-B219-E90C401D557B}"
	ProjectSection(ProjectDependencies) = postProject
		{214BD6A0-36D9-31B3-9DE6-2CEF327ABE31} = {214BD6A0-36D9-31B3-9DE6-2CEF327ABE31}
		{D8289C2F-FE16-36CA-8DF7-3C7241D02419} = {D8289C2F-FE16-36CA-8DF7-3C7241D02419}
	EndProjectSection
EndProject
Project("{8BC9CEB8-8B4A-11D0-8D11-00A0C91BC942}") = "tearing", "tests\tearing.vcxproj", "{3A1DE3BE-E4C5-3F89-B58C-4CFDBA32BF12}"
	ProjectSection(ProjectDependencies) = postProject
		{214BD6A0-36D9-31B3-9DE6-2CEF327ABE31} = {214BD6A0-36D9-31B3-9DE6-2CEF327ABE31}
		{D8289C2F-FE16-36CA-8DF7-3C7241D02419} = {D8289C2F-FE16-36CA-8DF7-3C7241D02419}
	EndProjectSection
EndProject
Project("{8BC9CEB8-8B4A-11D0-8D11-00A0C91BC942}") = "threads", "tests\threads.vcxproj", "{4B7159CD-5535-37A7-ACD7-7DB839A0A1FB}"
	ProjectSection(ProjectDependencies) = postProject
		{214BD6A0-36D9-31B3-9DE6-2CEF327ABE31} = {214BD6A0-36D9-31B3-9DE6-2CEF327ABE31}
		{D8289C2F-FE16-36CA-8DF7-3C7241D02419} = {D8289C2F-FE16-36CA-8DF7-3C7241D02419}
	EndProjectSection
EndProject
Project("{8BC9CEB8-8B4A-11D0-8D11-00A0C91BC942}") = "timeout", "tests\timeout.vcxproj", "{EA238531-AE86-362E-97F2-96589BADA596}"
	ProjectSection(ProjectDependencies) = postProject
		{214BD6A0-36D9-31B3-9DE6-2CEF327ABE31} = {214BD6A0-36D9-31B3-9DE6-2CEF327ABE31}
		{D8289C2F-FE16-36CA-8DF7-3C7241D02419} = {D8289C2F-FE16-36CA-8DF7-3C7241D02419}
	EndProjectSection
EndProject
Project("{8BC9CEB8-8B4A-11D0-8D11-00A0C91BC942}") = "title", "tests\title.vcxproj", "{3D7C0D81-B62D-302C-924F-FD798CF82A27}"
	ProjectSection(ProjectDependencies) = postProject
		{214BD6A0-36D9-31B3-9DE6-2CEF327ABE31} = {214BD6A0-36D9-31B3-9DE6-2CEF327ABE31}
		{D8289C2F-FE16-36CA-8DF7-3C7241D02419} = {D8289C2F-FE16-36CA-8DF7-3C7241D02419}
	EndProjectSection
EndProject
Project("{8BC9CEB8-8B4A-11D0-8D11-00A0C91BC942}") = "triangle-vulkan", "tests\triangle-vulkan.vcxproj", "{6D7FB405-AA27-366F-A756-D112477BE4FF}"
	ProjectSection(ProjectDependencies) = postProject
		{214BD6A0-36D9-31B3-9DE6-2CEF327ABE31} = {214BD6A0-36D9-31B3-9DE6-2CEF327ABE31}
		{D8289C2F-FE16-36CA-8DF7-3C7241D02419} = {D8289C2F-FE16-36CA-8DF7-3C7241D02419}
	EndProjectSection
EndProject
Project("{8BC9CEB8-8B4A-11D0-8D11-00A0C91BC942}") = "uninstall", "uninstall.vcxproj", "{F89E4D24-9A63-3447-BFFE-268E0F9CF2B2}"
	ProjectSection(ProjectDependencies) = postProject
		{214BD6A0-36D9-31B3-9DE6-2CEF327ABE31} = {214BD6A0-36D9-31B3-9DE6-2CEF327ABE31}
	EndProjectSection
EndProject
Project("{8BC9CEB8-8B4A-11D0-8D11-00A0C91BC942}") = "wave", "examples\wave.vcxproj", "{820AB7C9-CEDC-337F-91F1-9EE1FECFFF74}"
	ProjectSection(ProjectDependencies) = postProject
		{214BD6A0-36D9-31B3-9DE6-2CEF327ABE31} = {214BD6A0-36D9-31B3-9DE6-2CEF327ABE31}
		{D8289C2F-FE16-36CA-8DF7-3C7241D02419} = {D8289C2F-FE16-36CA-8DF7-3C7241D02419}
	EndProjectSection
EndProject
Project("{8BC9CEB8-8B4A-11D0-8D11-00A0C91BC942}") = "windows", "tests\windows.vcxproj", "{B576C5E7-BB25-31DF-AA0C-BB73827127B0}"
	ProjectSection(ProjectDependencies) = postProject
		{214BD6A0-36D9-31B3-9DE6-2CEF327ABE31} = {214BD6A0-36D9-31B3-9DE6-2CEF327ABE31}
		{D8289C2F-FE16-36CA-8DF7-3C7241D02419} = {D8289C2F-FE16-36CA-8DF7-3C7241D02419}
	EndProjectSection
EndProject
Global
	GlobalSection(SolutionConfigurationPlatforms) = preSolution
		Debug|x64 = Debug|x64
		Release|x64 = Release|x64
		MinSizeRel|x64 = MinSizeRel|x64
		RelWithDebInfo|x64 = RelWithDebInfo|x64
	EndGlobalSection
	GlobalSection(ProjectConfigurationPlatforms) = postSolution
		{8BDF601F-0BF1-3825-8E60-9DCEB4BD0F96}.Debug|x64.ActiveCfg = Debug|x64
		{8BDF601F-0BF1-3825-8E60-9DCEB4BD0F96}.Debug|x64.Build.0 = Debug|x64
		{8BDF601F-0BF1-3825-8E60-9DCEB4BD0F96}.Release|x64.ActiveCfg = Release|x64
		{8BDF601F-0BF1-3825-8E60-9DCEB4BD0F96}.Release|x64.Build.0 = Release|x64
		{8BDF601F-0BF1-3825-8E60-9DCEB4BD0F96}.MinSizeRel|x64.ActiveCfg = MinSizeRel|x64
		{8BDF601F-0BF1-3825-8E60-9DCEB4BD0F96}.MinSizeRel|x64.Build.0 = MinSizeRel|x64
		{8BDF601F-0BF1-3825-8E60-9DCEB4BD0F96}.RelWithDebInfo|x64.ActiveCfg = RelWithDebInfo|x64
		{8BDF601F-0BF1-3825-8E60-9DCEB4BD0F96}.RelWithDebInfo|x64.Build.0 = RelWithDebInfo|x64
		{2D6E18FA-456B-385A-AB41-B5ADD7943B16}.Debug|x64.ActiveCfg = Debug|x64
		{2D6E18FA-456B-385A-AB41-B5ADD7943B16}.Release|x64.ActiveCfg = Release|x64
		{2D6E18FA-456B-385A-AB41-B5ADD7943B16}.MinSizeRel|x64.ActiveCfg = MinSizeRel|x64
		{2D6E18FA-456B-385A-AB41-B5ADD7943B16}.RelWithDebInfo|x64.ActiveCfg = RelWithDebInfo|x64
		{214BD6A0-36D9-31B3-9DE6-2CEF327ABE31}.Debug|x64.ActiveCfg = Debug|x64
		{214BD6A0-36D9-31B3-9DE6-2CEF327ABE31}.Debug|x64.Build.0 = Debug|x64
		{214BD6A0-36D9-31B3-9DE6-2CEF327ABE31}.Release|x64.ActiveCfg = Release|x64
		{214BD6A0-36D9-31B3-9DE6-2CEF327ABE31}.Release|x64.Build.0 = Release|x64
		{214BD6A0-36D9-31B3-9DE6-2CEF327ABE31}.MinSizeRel|x64.ActiveCfg = MinSizeRel|x64
		{214BD6A0-36D9-31B3-9DE6-2CEF327ABE31}.MinSizeRel|x64.Build.0 = MinSizeRel|x64
		{214BD6A0-36D9-31B3-9DE6-2CEF327ABE31}.RelWithDebInfo|x64.ActiveCfg = RelWithDebInfo|x64
		{214BD6A0-36D9-31B3-9DE6-2CEF327ABE31}.RelWithDebInfo|x64.Build.0 = RelWithDebInfo|x64
		{5B56968D-4308-3108-B905-A0C75031818B}.Debug|x64.ActiveCfg = Debug|x64
		{5B56968D-4308-3108-B905-A0C75031818B}.Debug|x64.Build.0 = Debug|x64
		{5B56968D-4308-3108-B905-A0C75031818B}.Release|x64.ActiveCfg = Release|x64
		{5B56968D-4308-3108-B905-A0C75031818B}.Release|x64.Build.0 = Release|x64
		{5B56968D-4308-3108-B905-A0C75031818B}.MinSizeRel|x64.ActiveCfg = MinSizeRel|x64
		{5B56968D-4308-3108-B905-A0C75031818B}.MinSizeRel|x64.Build.0 = MinSizeRel|x64
		{5B56968D-4308-3108-B905-A0C75031818B}.RelWithDebInfo|x64.ActiveCfg = RelWithDebInfo|x64
		{5B56968D-4308-3108-B905-A0C75031818B}.RelWithDebInfo|x64.Build.0 = RelWithDebInfo|x64
		{DB9077D8-480D-3344-8084-9A6EE3A1E2EF}.Debug|x64.ActiveCfg = Debug|x64
		{DB9077D8-480D-3344-8084-9A6EE3A1E2EF}.Debug|x64.Build.0 = Debug|x64
		{DB9077D8-480D-3344-8084-9A6EE3A1E2EF}.Release|x64.ActiveCfg = Release|x64
		{DB9077D8-480D-3344-8084-9A6EE3A1E2EF}.Release|x64.Build.0 = Release|x64
		{DB9077D8-480D-3344-8084-9A6EE3A1E2EF}.MinSizeRel|x64.ActiveCfg = MinSizeRel|x64
		{DB9077D8-480D-3344-8084-9A6EE3A1E2EF}.MinSizeRel|x64.Build.0 = MinSizeRel|x64
		{DB9077D8-480D-3344-8084-9A6EE3A1E2EF}.RelWithDebInfo|x64.ActiveCfg = RelWithDebInfo|x64
		{DB9077D8-480D-3344-8084-9A6EE3A1E2EF}.RelWithDebInfo|x64.Build.0 = RelWithDebInfo|x64
		{D869E87D-EB8F-3C14-AFD7-CA6C797C05DF}.Debug|x64.ActiveCfg = Debug|x64
		{D869E87D-EB8F-3C14-AFD7-CA6C797C05DF}.Debug|x64.Build.0 = Debug|x64
		{D869E87D-EB8F-3C14-AFD7-CA6C797C05DF}.Release|x64.ActiveCfg = Release|x64
		{D869E87D-EB8F-3C14-AFD7-CA6C797C05DF}.Release|x64.Build.0 = Release|x64
		{D869E87D-EB8F-3C14-AFD7-CA6C797C05DF}.MinSizeRel|x64.ActiveCfg = MinSizeRel|x64
		{D869E87D-EB8F-3C14-AFD7-CA6C797C05DF}.MinSizeRel|x64.Build.0 = MinSizeRel|x64
		{D869E87D-EB8F-3C14-AFD7-CA6C797C05DF}.RelWithDebInfo|x64.ActiveCfg = RelWithDebInfo|x64
		{D869E87D-EB8F-3C14-AFD7-CA6C797C05DF}.RelWithDebInfo|x64.Build.0 = RelWithDebInfo|x64
		{96D7028E-4260-3E18-A757-F542A47323DC}.Debug|x64.ActiveCfg = Debug|x64
		{96D7028E-4260-3E18-A757-F542A47323DC}.Debug|x64.Build.0 = Debug|x64
		{96D7028E-4260-3E18-A757-F542A47323DC}.Release|x64.ActiveCfg = Release|x64
		{96D7028E-4260-3E18-A757-F542A47323DC}.Release|x64.Build.0 = Release|x64
		{96D7028E-4260-3E18-A757-F542A47323DC}.MinSizeRel|x64.ActiveCfg = MinSizeRel|x64
		{96D7028E-4260-3E18-A757-F542A47323DC}.MinSizeRel|x64.Build.0 = MinSizeRel|x64
		{96D7028E-4260-3E18-A757-F542A47323DC}.RelWithDebInfo|x64.ActiveCfg = RelWithDebInfo|x64
		{96D7028E-4260-3E18-A757-F542A47323DC}.RelWithDebInfo|x64.Build.0 = RelWithDebInfo|x64
		{3BAC0628-E4B6-3D0F-A129-38EC4252DCF4}.Debug|x64.ActiveCfg = Debug|x64
		{3BAC0628-E4B6-3D0F-A129-38EC4252DCF4}.Debug|x64.Build.0 = Debug|x64
		{3BAC0628-E4B6-3D0F-A129-38EC4252DCF4}.Release|x64.ActiveCfg = Release|x64
		{3BAC0628-E4B6-3D0F-A129-38EC4252DCF4}.Release|x64.Build.0 = Release|x64
		{3BAC0628-E4B6-3D0F-A129-38EC4252DCF4}.MinSizeRel|x64.ActiveCfg = MinSizeRel|x64
		{3BAC0628-E4B6-3D0F-A129-38EC4252DCF4}.MinSizeRel|x64.Build.0 = MinSizeRel|x64
		{3BAC0628-E4B6-3D0F-A129-38EC4252DCF4}.RelWithDebInfo|x64.ActiveCfg = RelWithDebInfo|x64
		{3BAC0628-E4B6-3D0F-A129-38EC4252DCF4}.RelWithDebInfo|x64.Build.0 = RelWithDebInfo|x64
		{A78BD365-D631-35E7-8923-E9A562FEA630}.Debug|x64.ActiveCfg = Debug|x64
		{A78BD365-D631-35E7-8923-E9A562FEA630}.Debug|x64.Build.0 = Debug|x64
		{A78BD365-D631-35E7-8923-E9A562FEA630}.Release|x64.ActiveCfg = Release|x64
		{A78BD365-D631-35E7-8923-E9A562FEA630}.Release|x64.Build.0 = Release|x64
		{A78BD365-D631-35E7-8923-E9A562FEA630}.MinSizeRel|x64.ActiveCfg = MinSizeRel|x64
		{A78BD365-D631-35E7-8923-E9A562FEA630}.MinSizeRel|x64.Build.0 = MinSizeRel|x64
		{A78BD365-D631-35E7-8923-E9A562FEA630}.RelWithDebInfo|x64.ActiveCfg = RelWithDebInfo|x64
		{A78BD365-D631-35E7-8923-E9A562FEA630}.RelWithDebInfo|x64.Build.0 = RelWithDebInfo|x64
		{1EAF8BAC-6687-3FC7-8541-BEBAF75C6EB7}.Debug|x64.ActiveCfg = Debug|x64
		{1EAF8BAC-6687-3FC7-8541-BEBAF75C6EB7}.Debug|x64.Build.0 = Debug|x64
		{1EAF8BAC-6687-3FC7-8541-BEBAF75C6EB7}.Release|x64.ActiveCfg = Release|x64
		{1EAF8BAC-6687-3FC7-8541-BEBAF75C6EB7}.Release|x64.Build.0 = Release|x64
		{1EAF8BAC-6687-3FC7-8541-BEBAF75C6EB7}.MinSizeRel|x64.ActiveCfg = MinSizeRel|x64
		{1EAF8BAC-6687-3FC7-8541-BEBAF75C6EB7}.MinSizeRel|x64.Build.0 = MinSizeRel|x64
		{1EAF8BAC-6687-3FC7-8541-BEBAF75C6EB7}.RelWithDebInfo|x64.ActiveCfg = RelWithDebInfo|x64
		{1EAF8BAC-6687-3FC7-8541-BEBAF75C6EB7}.RelWithDebInfo|x64.Build.0 = RelWithDebInfo|x64
		{D8289C2F-FE16-36CA-8DF7-3C7241D02419}.Debug|x64.ActiveCfg = Debug|x64
		{D8289C2F-FE16-36CA-8DF7-3C7241D02419}.Debug|x64.Build.0 = Debug|x64
		{D8289C2F-FE16-36CA-8DF7-3C7241D02419}.Release|x64.ActiveCfg = Release|x64
		{D8289C2F-FE16-36CA-8DF7-3C7241D02419}.Release|x64.Build.0 = Release|x64
		{D8289C2F-FE16-36CA-8DF7-3C7241D02419}.MinSizeRel|x64.ActiveCfg = MinSizeRel|x64
		{D8289C2F-FE16-36CA-8DF7-3C7241D02419}.MinSizeRel|x64.Build.0 = MinSizeRel|x64
		{D8289C2F-FE16-36CA-8DF7-3C7241D02419}.RelWithDebInfo|x64.ActiveCfg = RelWithDebInfo|x64
		{D8289C2F-FE16-36CA-8DF7-3C7241D02419}.RelWithDebInfo|x64.Build.0 = RelWithDebInfo|x64
		{C1740832-1594-35BA-99F9-F512F9E8C11B}.Debug|x64.ActiveCfg = Debug|x64
		{C1740832-1594-35BA-99F9-F512F9E8C11B}.Debug|x64.Build.0 = Debug|x64
		{C1740832-1594-35BA-99F9-F512F9E8C11B}.Release|x64.ActiveCfg = Release|x64
		{C1740832-1594-35BA-99F9-F512F9E8C11B}.Release|x64.Build.0 = Release|x64
		{C1740832-1594-35BA-99F9-F512F9E8C11B}.MinSizeRel|x64.ActiveCfg = MinSizeRel|x64
		{C1740832-1594-35BA-99F9-F512F9E8C11B}.MinSizeRel|x64.Build.0 = MinSizeRel|x64
		{C1740832-1594-35BA-99F9-F512F9E8C11B}.RelWithDebInfo|x64.ActiveCfg = RelWithDebInfo|x64
		{C1740832-1594-35BA-99F9-F512F9E8C11B}.RelWithDebInfo|x64.Build.0 = RelWithDebInfo|x64
		{FE6C15AE-3318-34BB-86E4-148B97017B0E}.Debug|x64.ActiveCfg = Debug|x64
		{FE6C15AE-3318-34BB-86E4-148B97017B0E}.Debug|x64.Build.0 = Debug|x64
		{FE6C15AE-3318-34BB-86E4-148B97017B0E}.Release|x64.ActiveCfg = Release|x64
		{FE6C15AE-3318-34BB-86E4-148B97017B0E}.Release|x64.Build.0 = Release|x64
		{FE6C15AE-3318-34BB-86E4-148B97017B0E}.MinSizeRel|x64.ActiveCfg = MinSizeRel|x64
		{FE6C15AE-3318-34BB-86E4-148B97017B0E}.MinSizeRel|x64.Build.0 = MinSizeRel|x64
		{FE6C15AE-3318-34BB-86E4-148B97017B0E}.RelWithDebInfo|x64.ActiveCfg = RelWithDebInfo|x64
		{FE6C15AE-3318-34BB-86E4-148B97017B0E}.RelWithDebInfo|x64.Build.0 = RelWithDebInfo|x64
		{5A228061-A77C-3DD7-8815-A84C4EC468FB}.Debug|x64.ActiveCfg = Debug|x64
		{5A228061-A77C-3DD7-8815-A84C4EC468FB}.Debug|x64.Build.0 = Debug|x64
		{5A228061-A77C-3DD7-8815-A84C4EC468FB}.Release|x64.ActiveCfg = Release|x64
		{5A228061-A77C-3DD7-8815-A84C4EC468FB}.Release|x64.Build.0 = Release|x64
		{5A228061-A77C-3DD7-8815-A84C4EC468FB}.MinSizeRel|x64.ActiveCfg = MinSizeRel|x64
		{5A228061-A77C-3DD7-8815-A84C4EC468FB}.MinSizeRel|x64.Build.0 = MinSizeRel|x64
		{5A228061-A77C-3DD7-8815-A84C4EC468FB}.RelWithDebInfo|x64.ActiveCfg = RelWithDebInfo|x64
		{5A228061-A77C-3DD7-8815-A84C4EC468FB}.RelWithDebInfo|x64.Build.0 = RelWithDebInfo|x64
		{F8217862-0DFE-3531-86B6-78D83812A71B}.Debug|x64.ActiveCfg = Debug|x64
		{F8217862-0DFE-3531-86B6-78D83812A71B}.Debug|x64.Build.0 = Debug|x64
		{F8217862-0DFE-3531-86B6-78D83812A71B}.Release|x64.ActiveCfg = Release|x64
		{F8217862-0DFE-3531-86B6-78D83812A71B}.Release|x64.Build.0 = Release|x64
		{F8217862-0DFE-3531-86B6-78D83812A71B}.MinSizeRel|x64.ActiveCfg = MinSizeRel|x64
		{F8217862-0DFE-3531-86B6-78D83812A71B}.MinSizeRel|x64.Build.0 = MinSizeRel|x64
		{F8217862-0DFE-3531-86B6-78D83812A71B}.RelWithDebInfo|x64.ActiveCfg = RelWithDebInfo|x64
		{F8217862-0DFE-3531-86B6-78D83812A71B}.RelWithDebInfo|x64.Build.0 = RelWithDebInfo|x64
		{8C607B49-5842-3B05-AE47-94B9D686879C}.Debug|x64.ActiveCfg = Debug|x64
		{8C607B49-5842-3B05-AE47-94B9D686879C}.Debug|x64.Build.0 = Debug|x64
		{8C607B49-5842-3B05-AE47-94B9D686879C}.Release|x64.ActiveCfg = Release|x64
		{8C607B49-5842-3B05-AE47-94B9D686879C}.Release|x64.Build.0 = Release|x64
		{8C607B49-5842-3B05-AE47-94B9D686879C}.MinSizeRel|x64.ActiveCfg = MinSizeRel|x64
		{8C607B49-5842-3B05-AE47-94B9D686879C}.MinSizeRel|x64.Build.0 = MinSizeRel|x64
		{8C607B49-5842-3B05-AE47-94B9D686879C}.RelWithDebInfo|x64.ActiveCfg = RelWithDebInfo|x64
		{8C607B49-5842-3B05-AE47-94B9D686879C}.RelWithDebInfo|x64.Build.0 = RelWithDebInfo|x64
		{ABE2579B-978D-3738-BCA0-48B599FEBA0E}.Debug|x64.ActiveCfg = Debug|x64
		{ABE2579B-978D-3738-BCA0-48B599FEBA0E}.Debug|x64.Build.0 = Debug|x64
		{ABE2579B-978D-3738-BCA0-48B599FEBA0E}.Release|x64.ActiveCfg = Release|x64
		{ABE2579B-978D-3738-BCA0-48B599FEBA0E}.Release|x64.Build.0 = Release|x64
		{ABE2579B-978D-3738-BCA0-48B599FEBA0E}.MinSizeRel|x64.ActiveCfg = MinSizeRel|x64
		{ABE2579B-978D-3738-BCA0-48B599FEBA0E}.MinSizeRel|x64.Build.0 = MinSizeRel|x64
		{ABE2579B-978D-3738-BCA0-48B599FEBA0E}.RelWithDebInfo|x64.ActiveCfg = RelWithDebInfo|x64
		{ABE2579B-978D-3738-BCA0-48B599FEBA0E}.RelWithDebInfo|x64.Build.0 = RelWithDebInfo|x64
		{32F5AADB-13EF-3395-9DBB-5B56ACBD3EDF}.Debug|x64.ActiveCfg = Debug|x64
		{32F5AADB-13EF-3395-9DBB-5B56ACBD3EDF}.Debug|x64.Build.0 = Debug|x64
		{32F5AADB-13EF-3395-9DBB-5B56ACBD3EDF}.Release|x64.ActiveCfg = Release|x64
		{32F5AADB-13EF-3395-9DBB-5B56ACBD3EDF}.Release|x64.Build.0 = Release|x64
		{32F5AADB-13EF-3395-9DBB-5B56ACBD3EDF}.MinSizeRel|x64.ActiveCfg = MinSizeRel|x64
		{32F5AADB-13EF-3395-9DBB-5B56ACBD3EDF}.MinSizeRel|x64.Build.0 = MinSizeRel|x64
		{32F5AADB-13EF-3395-9DBB-5B56ACBD3EDF}.RelWithDebInfo|x64.ActiveCfg = RelWithDebInfo|x64
		{32F5AADB-13EF-3395-9DBB-5B56ACBD3EDF}.RelWithDebInfo|x64.Build.0 = RelWithDebInfo|x64
		{494B61C7-680C-3930-B8AA-187F8A47AB77}.Debug|x64.ActiveCfg = Debug|x64
		{494B61C7-680C-3930-B8AA-187F8A47AB77}.Debug|x64.Build.0 = Debug|x64
		{494B61C7-680C-3930-B8AA-187F8A47AB77}.Release|x64.ActiveCfg = Release|x64
		{494B61C7-680C-3930-B8AA-187F8A47AB77}.Release|x64.Build.0 = Release|x64
		{494B61C7-680C-3930-B8AA-187F8A47AB77}.MinSizeRel|x64.ActiveCfg = MinSizeRel|x64
		{494B61C7-680C-3930-B8AA-187F8A47AB77}.MinSizeRel|x64.Build.0 = MinSizeRel|x64
		{494B61C7-680C-3930-B8AA-187F8A47AB77}.RelWithDebInfo|x64.ActiveCfg = RelWithDebInfo|x64
		{494B61C7-680C-3930-B8AA-187F8A47AB77}.RelWithDebInfo|x64.Build.0 = RelWithDebInfo|x64
		{493D63EA-2BA5-32B0-8AD0-3B666C9181E3}.Debug|x64.ActiveCfg = Debug|x64
		{493D63EA-2BA5-32B0-8AD0-3B666C9181E3}.Debug|x64.Build.0 = Debug|x64
		{493D63EA-2BA5-32B0-8AD0-3B666C9181E3}.Release|x64.ActiveCfg = Release|x64
		{493D63EA-2BA5-32B0-8AD0-3B666C9181E3}.Release|x64.Build.0 = Release|x64
		{493D63EA-2BA5-32B0-8AD0-3B666C9181E3}.MinSizeRel|x64.ActiveCfg = MinSizeRel|x64
		{493D63EA-2BA5-32B0-8AD0-3B666C9181E3}.MinSizeRel|x64.Build.0 = MinSizeRel|x64
		{493D63EA-2BA5-32B0-8AD0-3B666C9181E3}.RelWithDebInfo|x64.ActiveCfg = RelWithDebInfo|x64
		{493D63EA-2BA5-32B0-8AD0-3B666C9181E3}.RelWithDebInfo|x64.Build.0 = RelWithDebInfo|x64
		{F86C2487-B583-3145-9648-4F6A58668F1D}.Debug|x64.ActiveCfg = Debug|x64
		{F86C2487-B583-3145-9648-4F6A58668F1D}.Debug|x64.Build.0 = Debug|x64
		{F86C2487-B583-3145-9648-4F6A58668F1D}.Release|x64.ActiveCfg = Release|x64
		{F86C2487-B583-3145-9648-4F6A58668F1D}.Release|x64.Build.0 = Release|x64
		{F86C2487-B583-3145-9648-4F6A58668F1D}.MinSizeRel|x64.ActiveCfg = MinSizeRel|x64
		{F86C2487-B583-3145-9648-4F6A58668F1D}.MinSizeRel|x64.Build.0 = MinSizeRel|x64
		{F86C2487-B583-3145-9648-4F6A58668F1D}.RelWithDebInfo|x64.ActiveCfg = RelWithDebInfo|x64
		{F86C2487-B583-3145-9648-4F6A58668F1D}.RelWithDebInfo|x64.Build.0 = RelWithDebInfo|x64
		{C563A292-96E8-376F-BE54-7F6DEF64329E}.Debug|x64.ActiveCfg = Debug|x64
		{C563A292-96E8-376F-BE54-7F6DEF64329E}.Debug|x64.Build.0 = Debug|x64
		{C563A292-96E8-376F-BE54-7F6DEF64329E}.Release|x64.ActiveCfg = Release|x64
		{C563A292-96E8-376F-BE54-7F6DEF64329E}.Release|x64.Build.0 = Release|x64
		{C563A292-96E8-376F-BE54-7F6DEF64329E}.MinSizeRel|x64.ActiveCfg = MinSizeRel|x64
		{C563A292-96E8-376F-BE54-7F6DEF64329E}.MinSizeRel|x64.Build.0 = MinSizeRel|x64
		{C563A292-96E8-376F-BE54-7F6DEF64329E}.RelWithDebInfo|x64.ActiveCfg = RelWithDebInfo|x64
		{C563A292-96E8-376F-BE54-7F6DEF64329E}.RelWithDebInfo|x64.Build.0 = RelWithDebInfo|x64
		{2C4009FF-7E24-3977-B9FD-95867BCD9F7E}.Debug|x64.ActiveCfg = Debug|x64
		{2C4009FF-7E24-3977-B9FD-95867BCD9F7E}.Debug|x64.Build.0 = Debug|x64
		{2C4009FF-7E24-3977-B9FD-95867BCD9F7E}.Release|x64.ActiveCfg = Release|x64
		{2C4009FF-7E24-3977-B9FD-95867BCD9F7E}.Release|x64.Build.0 = Release|x64
		{2C4009FF-7E24-3977-B9FD-95867BCD9F7E}.MinSizeRel|x64.ActiveCfg = MinSizeRel|x64
		{2C4009FF-7E24-3977-B9FD-95867BCD9F7E}.MinSizeRel|x64.Build.0 = MinSizeRel|x64
		{2C4009FF-7E24-3977-B9FD-95867BCD9F7E}.RelWithDebInfo|x64.ActiveCfg = RelWithDebInfo|x64
		{2C4009FF-7E24-3977-B9FD-95867BCD9F7E}.RelWithDebInfo|x64.Build.0 = RelWithDebInfo|x64
		{785735FB-0837-3FF1-9FB0-D87B3F9FCC5B}.Debug|x64.ActiveCfg = Debug|x64
		{785735FB-0837-3FF1-9FB0-D87B3F9FCC5B}.Debug|x64.Build.0 = Debug|x64
		{785735FB-0837-3FF1-9FB0-D87B3F9FCC5B}.Release|x64.ActiveCfg = Release|x64
		{785735FB-0837-3FF1-9FB0-D87B3F9FCC5B}.Release|x64.Build.0 = Release|x64
		{785735FB-0837-3FF1-9FB0-D87B3F9FCC5B}.MinSizeRel|x64.ActiveCfg = MinSizeRel|x64
		{785735FB-0837-3FF1-9FB0-D87B3F9FCC5B}.MinSizeRel|x64.Build.0 = MinSizeRel|x64
		{785735FB-0837-3FF1-9FB0-D87B3F9FCC5B}.RelWithDebInfo|x64.ActiveCfg = RelWithDebInfo|x64
		{785735FB-0837-3FF1-9FB0-D87B3F9FCC5B}.RelWithDebInfo|x64.Build.0 = RelWithDebInfo|x64
		{2A768272-0842-37D7-8EAE-0C60FD185431}.Debug|x64.ActiveCfg = Debug|x64
		{2A768272-0842-37D7-8EAE-0C60FD185431}.Debug|x64.Build.0 = Debug|x64
		{2A768272-0842-37D7-8EAE-0C60FD185431}.Release|x64.ActiveCfg = Release|x64
		{2A768272-0842-37D7-8EAE-0C60FD185431}.Release|x64.Build.0 = Release|x64
		{2A768272-0842-37D7-8EAE-0C60FD185431}.MinSizeRel|x64.ActiveCfg = MinSizeRel|x64
		{2A768272-0842-37D7-8EAE-0C60FD185431}.MinSizeRel|x64.Build.0 = MinSizeRel|x64
		{2A768272-0842-37D7-8EAE-0C60FD185431}.RelWithDebInfo|x64.ActiveCfg = RelWithDebInfo|x64
		{2A768272-0842-37D7-8EAE-0C60FD185431}.RelWithDebInfo|x64.Build.0 = RelWithDebInfo|x64
		{AF29DAAD-3D2A-3399-B219-E90C401D557B}.Debug|x64.ActiveCfg = Debug|x64
		{AF29DAAD-3D2A-3399-B219-E90C401D557B}.Debug|x64.Build.0 = Debug|x64
		{AF29DAAD-3D2A-3399-B219-E90C401D557B}.Release|x64.ActiveCfg = Release|x64
		{AF29DAAD-3D2A-3399-B219-E90C401D557B}.Release|x64.Build.0 = Release|x64
		{AF29DAAD-3D2A-3399-B219-E90C401D557B}.MinSizeRel|x64.ActiveCfg = MinSizeRel|x64
		{AF29DAAD-3D2A-3399-B219-E90C401D557B}.MinSizeRel|x64.Build.0 = MinSizeRel|x64
		{AF29DAAD-3D2A-3399-B219-E90C401D557B}.RelWithDebInfo|x64.ActiveCfg = RelWithDebInfo|x64
		{AF29DAAD-3D2A-3399-B219-E90C401D557B}.RelWithDebInfo|x64.Build.0 = RelWithDebInfo|x64
		{3A1DE3BE-E4C5-3F89-B58C-4CFDBA32BF12}.Debug|x64.ActiveCfg = Debug|x64
		{3A1DE3BE-E4C5-3F89-B58C-4CFDBA32BF12}.Debug|x64.Build.0 = Debug|x64
		{3A1DE3BE-E4C5-3F89-B58C-4CFDBA32BF12}.Release|x64.ActiveCfg = Release|x64
		{3A1DE3BE-E4C5-3F89-B58C-4CFDBA32BF12}.Release|x64.Build.0 = Release|x64
		{3A1DE3BE-E4C5-3F89-B58C-4CFDBA32BF12}.MinSizeRel|x64.ActiveCfg = MinSizeRel|x64
		{3A1DE3BE-E4C5-3F89-B58C-4CFDBA32BF12}.MinSizeRel|x64.Build.0 = MinSizeRel|x64
		{3A1DE3BE-E4C5-3F89-B58C-4CFDBA32BF12}.RelWithDebInfo|x64.ActiveCfg = RelWithDebInfo|x64
		{3A1DE3BE-E4C5-3F89-B58C-4CFDBA32BF12}.RelWithDebInfo|x64.Build.0 = RelWithDebInfo|x64
		{4B7159CD-5535-37A7-ACD7-7DB839A0A1FB}.Debug|x64.ActiveCfg = Debug|x64
		{4B7159CD-5535-37A7-ACD7-7DB839A0A1FB}.Debug|x64.Build.0 = Debug|x64
		{4B7159CD-5535-37A7-ACD7-7DB839A0A1FB}.Release|x64.ActiveCfg = Release|x64
		{4B7159CD-5535-37A7-ACD7-7DB839A0A1FB}.Release|x64.Build.0 = Release|x64
		{4B7159CD-5535-37A7-ACD7-7DB839A0A1FB}.MinSizeRel|x64.ActiveCfg = MinSizeRel|x64
		{4B7159CD-5535-37A7-ACD7-7DB839A0A1FB}.MinSizeRel|x64.Build.0 = MinSizeRel|x64
		{4B7159CD-5535-37A7-ACD7-7DB839A0A1FB}.RelWithDebInfo|x64.ActiveCfg = RelWithDebInfo|x64
		{4B7159CD-5535-37A7-ACD7-7DB839A0A1FB}.RelWithDebInfo|x64.Build.0 = RelWithDebInfo|x64
		{EA238531-AE86-362E-97F2-96589BADA596}.Debug|x64.ActiveCfg = Debug|x64
		{EA238531-AE86-362E-97F2-96589BADA596}.Debug|x64.Build.0 = Debug|x64
		{EA238531-AE86-362E-97F2-96589BADA596}.Release|x64.ActiveCfg = Release|x64
		{EA238531-AE86-362E-97F2-96589BADA596}.Release|x64.Build.0 = Release|x64
		{EA238531-AE86-362E-97F2-96589BADA596}.MinSizeRel|x64.ActiveCfg = MinSizeRel|x64
		{EA238531-AE86-362E-97F2-96589BADA596}.MinSizeRel|x64.Build.0 = MinSizeRel|x64
		{EA238531-AE86-362E-97F2-96589BADA596}.RelWithDebInfo|x64.ActiveCfg = RelWithDebInfo|x64
		{EA238531-AE86-362E-97F2-96589BADA596}.RelWithDebInfo|x64.Build.0 = RelWithDebInfo|x64
		{3D7C0D81-B62D-302C-924F-FD798CF82A27}.Debug|x64.ActiveCfg = Debug|x64
		{3D7C0D81-B62D-302C-924F-FD798CF82A27}.Debug|x64.Build.0 = Debug|x64
		{3D7C0D81-B62D-302C-924F-FD798CF82A27}.Release|x64.ActiveCfg = Release|x64
		{3D7C0D81-B62D-302C-924F-FD798CF82A27}.Release|x64.Build.0 = Release|x64
		{3D7C0D81-B62D-302C-924F-FD798CF82A27}.MinSizeRel|x64.ActiveCfg = MinSizeRel|x64
		{3D7C0D81-B62D-302C-924F-FD798CF82A27}.MinSizeRel|x64.Build.0 = MinSizeRel|x64
		{3D7C0D81-B62D-302C-924F-FD798CF82A27}.RelWithDebInfo|x64.ActiveCfg = RelWithDebInfo|x64
		{3D7C0D81-B62D-302C-924F-FD798CF82A27}.RelWithDebInfo|x64.Build.0 = RelWithDebInfo|x64
		{6D7FB405-AA27-366F-A756-D112477BE4FF}.Debug|x64.ActiveCfg = Debug|x64
		{6D7FB405-AA27-366F-A756-D112477BE4FF}.Debug|x64.Build.0 = Debug|x64
		{6D7FB405-AA27-366F-A756-D112477BE4FF}.Release|x64.ActiveCfg = Release|x64
		{6D7FB405-AA27-366F-A756-D112477BE4FF}.Release|x64.Build.0 = Release|x64
		{6D7FB405-AA27-366F-A756-D112477BE4FF}.MinSizeRel|x64.ActiveCfg = MinSizeRel|x64
		{6D7FB405-AA27-366F-A756-D112477BE4FF}.MinSizeRel|x64.Build.0 = MinSizeRel|x64
		{6D7FB405-AA27-366F-A756-D112477BE4FF}.RelWithDebInfo|x64.ActiveCfg = RelWithDebInfo|x64
		{6D7FB405-AA27-366F-A756-D112477BE4FF}.RelWithDebInfo|x64.Build.0 = RelWithDebInfo|x64
		{F89E4D24-9A63-3447-BFFE-268E0F9CF2B2}.Debug|x64.ActiveCfg = Debug|x64
		{F89E4D24-9A63-3447-BFFE-268E0F9CF2B2}.Release|x64.ActiveCfg = Release|x64
		{F89E4D24-9A63-3447-BFFE-268E0F9CF2B2}.MinSizeRel|x64.ActiveCfg = MinSizeRel|x64
		{F89E4D24-9A63-3447-BFFE-268E0F9CF2B2}.RelWithDebInfo|x64.ActiveCfg = RelWithDebInfo|x64
		{820AB7C9-CEDC-337F-91F1-9EE1FECFFF74}.Debug|x64.ActiveCfg = Debug|x64
		{820AB7C9-CEDC-337F-91F1-9EE1FECFFF74}.Debug|x64.Build.0 = Debug|x64
		{820AB7C9-CEDC-337F-91F1-9EE1FECFFF74}.Release|x64.ActiveCfg = Release|x64
		{820AB7C9-CEDC-337F-91F1-9EE1FECFFF74}.Release|x64.Build.0 = Release|x64
		{820AB7C9-CEDC-337F-91F1-9EE1FECFFF74}.MinSizeRel|x64.ActiveCfg = MinSizeRel|x64
		{820AB7C9-CEDC-337F-91F1-9EE1FECFFF74}.MinSizeRel|x64.Build.0 = MinSizeRel|x64
		{820AB7C9-CEDC-337F-91F1-9EE1FECFFF74}.RelWithDebInfo|x64.ActiveCfg = RelWithDebInfo|x64
		{820AB7C9-CEDC-337F-91F1-9EE1FECFFF74}.RelWithDebInfo|x64.Build.0 = RelWithDebInfo|x64
		{B576C5E7-BB25-31DF-AA0C-BB73827127B0}.Debug|x64.ActiveCfg = Debug|x64
		{B576C5E7-BB25-31DF-AA0C-BB73827127B0}.Debug|x64.Build.0 = Debug|x64
		{B576C5E7-BB25-31DF-AA0C-BB73827127B0}.Release|x64.ActiveCfg = Release|x64
		{B576C5E7-BB25-31DF-AA0C-BB73827127B0}.Release|x64.Build.0 = Release|x64
		{B576C5E7-BB25-31DF-AA0C-BB73827127B0}.MinSizeRel|x64.ActiveCfg = MinSizeRel|x64
		{B576C5E7-BB25-31DF-AA0C-BB73827127B0}.MinSizeRel|x64.Build.0 = MinSizeRel|x64
		{B576C5E7-BB25-31DF-AA0C-BB73827127B0}.RelWithDebInfo|x64.ActiveCfg = RelWithDebInfo|x64
		{B576C5E7-BB25-31DF-AA0C-BB73827127B0}.RelWithDebInfo|x64.Build.0 = RelWithDebInfo|x64
	EndGlobalSection
	GlobalSection(NestedProjects) = preSolution
		{8BDF601F-0BF1-3825-8E60-9DCEB4BD0F96} = {9D82322A-82C7-38F5-ABBB-3F8513A54FF4}
		{2D6E18FA-456B-385A-AB41-B5ADD7943B16} = {9D82322A-82C7-38F5-ABBB-3F8513A54FF4}
		{214BD6A0-36D9-31B3-9DE6-2CEF327ABE31} = {9D82322A-82C7-38F5-ABBB-3F8513A54FF4}
		{68A07F7C-96DB-3CCC-8E80-997B98C12648} = {BC31A1C1-128B-3DB5-A078-613E356C30A2}
		{7E175E43-70F5-3458-BF8B-C2C1AC0DB504} = {BC31A1C1-128B-3DB5-A078-613E356C30A2}
		{D8289C2F-FE16-36CA-8DF7-3C7241D02419} = {BC31A1C1-128B-3DB5-A078-613E356C30A2}
		{F89E4D24-9A63-3447-BFFE-268E0F9CF2B2} = {BC31A1C1-128B-3DB5-A078-613E356C30A2}
		{5B56968D-4308-3108-B905-A0C75031818B} = {68A07F7C-96DB-3CCC-8E80-997B98C12648}
		{1EAF8BAC-6687-3FC7-8541-BEBAF75C6EB7} = {68A07F7C-96DB-3CCC-8E80-997B98C12648}
		{FE6C15AE-3318-34BB-86E4-148B97017B0E} = {68A07F7C-96DB-3CCC-8E80-997B98C12648}
		{493D63EA-2BA5-32B0-8AD0-3B666C9181E3} = {68A07F7C-96DB-3CCC-8E80-997B98C12648}
		{C563A292-96E8-376F-BE54-7F6DEF64329E} = {68A07F7C-96DB-3CCC-8E80-997B98C12648}
		{785735FB-0837-3FF1-9FB0-D87B3F9FCC5B} = {68A07F7C-96DB-3CCC-8E80-997B98C12648}
		{2A768272-0842-37D7-8EAE-0C60FD185431} = {68A07F7C-96DB-3CCC-8E80-997B98C12648}
		{AF29DAAD-3D2A-3399-B219-E90C401D557B} = {68A07F7C-96DB-3CCC-8E80-997B98C12648}
		{820AB7C9-CEDC-337F-91F1-9EE1FECFFF74} = {68A07F7C-96DB-3CCC-8E80-997B98C12648}
		{DB9077D8-480D-3344-8084-9A6EE3A1E2EF} = {7E175E43-70F5-3458-BF8B-C2C1AC0DB504}
		{D869E87D-EB8F-3C14-AFD7-CA6C797C05DF} = {7E175E43-70F5-3458-BF8B-C2C1AC0DB504}
		{96D7028E-4260-3E18-A757-F542A47323DC} = {7E175E43-70F5-3458-BF8B-C2C1AC0DB504}
		{3BAC0628-E4B6-3D0F-A129-38EC4252DCF4} = {7E175E43-70F5-3458-BF8B-C2C1AC0DB504}
		{A78BD365-D631-35E7-8923-E9A562FEA630} = {7E175E43-70F5-3458-BF8B-C2C1AC0DB504}
		{C1740832-1594-35BA-99F9-F512F9E8C11B} = {7E175E43-70F5-3458-BF8B-C2C1AC0DB504}
		{5A228061-A77C-3DD7-8815-A84C4EC468FB} = {7E175E43-70F5-3458-BF8B-C2C1AC0DB504}
		{F8217862-0DFE-3531-86B6-78D83812A71B} = {7E175E43-70F5-3458-BF8B-C2C1AC0DB504}
		{8C607B49-5842-3B05-AE47-94B9D686879C} = {7E175E43-70F5-3458-BF8B-C2C1AC0DB504}
		{ABE2579B-978D-3738-BCA0-48B599FEBA0E} = {7E175E43-70F5-3458-BF8B-C2C1AC0DB504}
		{32F5AADB-13EF-3395-9DBB-5B56ACBD3EDF} = {7E175E43-70F5-3458-BF8B-C2C1AC0DB504}
		{494B61C7-680C-3930-B8AA-187F8A47AB77} = {7E175E43-70F5-3458-BF8B-C2C1AC0DB504}
		{F86C2487-B583-3145-9648-4F6A58668F1D} = {7E175E43-70F5-3458-BF8B-C2C1AC0DB504}
		{2C4009FF-7E24-3977-B9FD-95867BCD9F7E} = {7E175E43-70F5-3458-BF8B-C2C1AC0DB504}
		{3A1DE3BE-E4C5-3F89-B58C-4CFDBA32BF12} = {7E175E43-70F5-3458-BF8B-C2C1AC0DB504}
		{4B7159CD-5535-37A7-ACD7-7DB839A0A1FB} = {7E175E43-70F5-3458-BF8B-C2C1AC0DB504}
		{EA238531-AE86-362E-97F2-96589BADA596} = {7E175E43-70F5-3458-BF8B-C2C1AC0DB504}
		{3D7C0D81-B62D-302C-924F-FD798CF82A27} = {7E175E43-70F5-3458-BF8B-C2C1AC0DB504}
		{6D7FB405-AA27-366F-A756-D112477BE4FF} = {7E175E43-70F5-3458-BF8B-C2C1AC0DB504}
		{B576C5E7-BB25-31DF-AA0C-BB73827127B0} = {7E175E43-70F5-3458-BF8B-C2C1AC0DB504}
	EndGlobalSection
	GlobalSection(ExtensibilityGlobals) = postSolution
		SolutionGuid = {49C13657-02B8-3E08-9EAF-1786C2B0F288}
	EndGlobalSection
	GlobalSection(ExtensibilityAddIns) = postSolution
	EndGlobalSection
EndGlobal
